// !$*UTF8*$!
{
	archiveVersion = 1;
	classes = {
	};
	objectVersion = 56;
	objects = {

/* Begin PBXBuildFile section */
		8D04F9A12FFBFF550029A37D /* SuccessCheckPointCollectionViewCell.swift in Sources */ = {isa = PBXBuildFile; fileRef = 8D04F9A02FFBFF550029A37D /* SuccessCheckPointCollectionViewCell.swift */; };
		8D04F9A32FFBFFB40029A37D /* AppointmentDetailsCollectionViewCell.swift in Sources */ = {isa = PBXBuildFile; fileRef = 8D04F9A22FFBFFB40029A37D /* AppointmentDetailsCollectionViewCell.swift */; };
		8D04F9A52FFC00220029A37D /* AnotherConsultsCollectionViewCell.swift in Sources */ = {isa = PBXBuildFile; fileRef = 8D04F9A42FFC00220029A37D /* AnotherConsultsCollectionViewCell.swift */; };
		8D0C89DF2FCF933200B8C306 /* ClientsSignUpView.swift in Sources */ = {isa = PBXBuildFile; fileRef = 8D0C89DE2FCF933200B8C306 /* ClientsSignUpView.swift */; };
		8D18D0642FA28B6E0038AB85 /* AppDelegate.swift in Sources */ = {isa = PBXBuildFile; fileRef = 8D18D0632FA28B6E0038AB85 /* AppDelegate.swift */; };
		8D18D0662FA28B6E0038AB85 /* SceneDelegate.swift in Sources */ = {isa = PBXBuildFile; fileRef = 8D18D0652FA28B6E0038AB85 /* SceneDelegate.swift */; };
		8D18D0682FA28B6E0038AB85 /* ViewController.swift in Sources */ = {isa = PBXBuildFile; fileRef = 8D18D0672FA28B6E0038AB85 /* ViewController.swift */; };
		8D18D06B2FA28B6E0038AB85 /* Main.storyboard in Resources */ = {isa = PBXBuildFile; fileRef = 8D18D0692FA28B6E0038AB85 /* Main.storyboard */; };
		8D18D06D2FA28B700038AB85 /* Assets.xcassets in Resources */ = {isa = PBXBuildFile; fileRef = 8D18D06C2FA28B700038AB85 /* Assets.xcassets */; };
		8D18D0702FA28B700038AB85 /* LaunchScreen.storyboard in Resources */ = {isa = PBXBuildFile; fileRef = 8D18D06E2FA28B700038AB85 /* LaunchScreen.storyboard */; };
		8D18D0962FA2A9CE0038AB85 /* WelcomeView.swift in Sources */ = {isa = PBXBuildFile; fileRef = 8D18D0952FA2A9CE0038AB85 /* WelcomeView.swift */; };
		8D18D0982FA2BBA10038AB85 /* WelcomeViewController.swift in Sources */ = {isa = PBXBuildFile; fileRef = 8D18D0972FA2BBA10038AB85 /* WelcomeViewController.swift */; };
		8D3944472FAF752700CED997 /* Utilities.swift in Sources */ = {isa = PBXBuildFile; fileRef = 8D3944462FAF752700CED997 /* Utilities.swift */; };
		8D39444A2FAFAF2B00CED997 /* RegisterModel.swift in Sources */ = {isa = PBXBuildFile; fileRef = 8D3944492FAFAF2B00CED997 /* RegisterModel.swift */; };
		8D3960E42FEC2C0100ECE276 /* HeaderSectionsCollectionViewCell.swift in Sources */ = {isa = PBXBuildFile; fileRef = 8D3960E32FEC2C0100ECE276 /* HeaderSectionsCollectionViewCell.swift */; };
		8D3960E62FEC6E0700ECE276 /* AppointmentCollectionViewCell.swift in Sources */ = {isa = PBXBuildFile; fileRef = 8D3960E52FEC6E0700ECE276 /* AppointmentCollectionViewCell.swift */; };
		8D3960E82FEC6E6F00ECE276 /* AppointmentNavItemCollectionViewController.swift in Sources */ = {isa = PBXBuildFile; fileRef = 8D3960E72FEC6E6F00ECE276 /* AppointmentNavItemCollectionViewController.swift */; };
		8D3960EA2FEC94DB00ECE276 /* CalendarCollectionViewCell.swift in Sources */ = {isa = PBXBuildFile; fileRef = 8D3960E92FEC94DB00ECE276 /* CalendarCollectionViewCell.swift */; };
		8D3960EE2FEC960300ECE276 /* AppointmentScheduleCollectionViewController.swift in Sources */ = {isa = PBXBuildFile; fileRef = 8D3960ED2FEC960300ECE276 /* AppointmentScheduleCollectionViewController.swift */; };
		8D40DFE42FEF2D98009373A9 /* ModalityCollectionViewCell.swift in Sources */ = {isa = PBXBuildFile; fileRef = 8D40DFE32FEF2D98009373A9 /* ModalityCollectionViewCell.swift */; };
		8D40DFE62FEF4FEC009373A9 /* ContinueButtonCollectionViewCell.swift in Sources */ = {isa = PBXBuildFile; fileRef = 8D40DFE52FEF4FEC009373A9 /* ContinueButtonCollectionViewCell.swift */; };
		8D419C712FEAE0B900FDCDDB /* RatingCollectionViewCell.swift in Sources */ = {isa = PBXBuildFile; fileRef = 8D419C702FEAE0B900FDCDDB /* RatingCollectionViewCell.swift */; };
		8D436B872FBE6A9000429E60 /* NSMutableAttributedString.swift in Sources */ = {isa = PBXBuildFile; fileRef = 8D436B862FBE6A8F00429E60 /* NSMutableAttributedString.swift */; };
		8D44E45F2FAA9D2B00AC5242 /* welcomeVideo.mp4 in Resources */ = {isa = PBXBuildFile; fileRef = 8D44E45E2FAA9D2B00AC5242 /* welcomeVideo.mp4 */; };
		8D44E4612FAAAEFE00AC5242 /* LawyersSignUpView.swift in Sources */ = {isa = PBXBuildFile; fileRef = 8D44E4602FAAAEFE00AC5242 /* LawyersSignUpView.swift */; };
		8D44E4632FAAB3F700AC5242 /* LawyersSignUpViewController.swift in Sources */ = {isa = PBXBuildFile; fileRef = 8D44E4622FAAB3F700AC5242 /* LawyersSignUpViewController.swift */; };
		8D44E4662FAAB80300AC5242 /* ClientsSignUpViewController.swift in Sources */ = {isa = PBXBuildFile; fileRef = 8D44E4652FAAB80300AC5242 /* ClientsSignUpViewController.swift */; };
		8D496CC92FF818AE004AD901 /* CardDetailsCollectionViewCell.swift in Sources */ = {isa = PBXBuildFile; fileRef = 8D496CC82FF818AE004AD901 /* CardDetailsCollectionViewCell.swift */; };
		8D4CA5D03007DF5A00F8D949 /* ListOfAppointmentsCollectionViewCell.swift in Sources */ = {isa = PBXBuildFile; fileRef = 8D4CA5CF3007DF5A00F8D949 /* ListOfAppointmentsCollectionViewCell.swift */; };
		8D4EA18A3005526200AAB230 /* NewConversationsViewController.swift in Sources */ = {isa = PBXBuildFile; fileRef = 8D4EA1893005526200AAB230 /* NewConversationsViewController.swift */; };
		8D4EA18C3005533700AAB230 /* PhotosViewerViewController.swift in Sources */ = {isa = PBXBuildFile; fileRef = 8D4EA18B3005533700AAB230 /* PhotosViewerViewController.swift */; };
		8D4EA18E3005539E00AAB230 /* AudioViewController.swift in Sources */ = {isa = PBXBuildFile; fileRef = 8D4EA18D3005539E00AAB230 /* AudioViewController.swift */; };
		8D4EA190300554A600AAB230 /* DocumentsViewController.swift in Sources */ = {isa = PBXBuildFile; fileRef = 8D4EA18F300554A600AAB230 /* DocumentsViewController.swift */; };
		8D4EA192300592E500AAB230 /* ConversationsTableViewCell.swift in Sources */ = {isa = PBXBuildFile; fileRef = 8D4EA191300592E500AAB230 /* ConversationsTableViewCell.swift */; };
		8D4EA194300596F400AAB230 /* ChatViewController.swift in Sources */ = {isa = PBXBuildFile; fileRef = 8D4EA193300596F400AAB230 /* ChatViewController.swift */; };
		8D50D2472FEB4077005040D4 /* AppointmentActionCollectionViewCell.swift in Sources */ = {isa = PBXBuildFile; fileRef = 8D50D2462FEB4077005040D4 /* AppointmentActionCollectionViewCell.swift */; };
		8D60637A2FD0D48600E36252 /* Inter-Italic-VariableFont_opsz,wght.ttf in Resources */ = {isa = PBXBuildFile; fileRef = 8D60633F2FD0D48500E36252 /* Inter-Italic-VariableFont_opsz,wght.ttf */; };
		8D60637B2FD0D48600E36252 /* Inter_28pt-LightItalic.ttf in Resources */ = {isa = PBXBuildFile; fileRef = 8D6063412FD0D48500E36252 /* Inter_28pt-LightItalic.ttf */; };
		8D60637C2FD0D48600E36252 /* Inter_18pt-ExtraBoldItalic.ttf in Resources */ = {isa = PBXBuildFile; fileRef = 8D6063422FD0D48500E36252 /* Inter_18pt-ExtraBoldItalic.ttf */; };
		8D60637D2FD0D48600E36252 /* Inter_24pt-Medium.ttf in Resources */ = {isa = PBXBuildFile; fileRef = 8D6063432FD0D48500E36252 /* Inter_24pt-Medium.ttf */; };
		8D60637E2FD0D48600E36252 /* Inter_28pt-ExtraLightItalic.ttf in Resources */ = {isa = PBXBuildFile; fileRef = 8D6063442FD0D48500E36252 /* Inter_28pt-ExtraLightItalic.ttf */; };
		8D60637F2FD0D48600E36252 /* Inter_28pt-Bold.ttf in Resources */ = {isa = PBXBuildFile; fileRef = 8D6063452FD0D48500E36252 /* Inter_28pt-Bold.ttf */; };
		8D6063802FD0D48600E36252 /* Inter_28pt-ExtraLight.ttf in Resources */ = {isa = PBXBuildFile; fileRef = 8D6063462FD0D48500E36252 /* Inter_28pt-ExtraLight.ttf */; };
		8D6063812FD0D48600E36252 /* Inter_28pt-Thin.ttf in Resources */ = {isa = PBXBuildFile; fileRef = 8D6063472FD0D48500E36252 /* Inter_28pt-Thin.ttf */; };
		8D6063822FD0D48600E36252 /* Inter_28pt-ThinItalic.ttf in Resources */ = {isa = PBXBuildFile; fileRef = 8D6063482FD0D48500E36252 /* Inter_28pt-ThinItalic.ttf */; };
		8D6063832FD0D48600E36252 /* Inter_24pt-ExtraBold.ttf in Resources */ = {isa = PBXBuildFile; fileRef = 8D6063492FD0D48500E36252 /* Inter_24pt-ExtraBold.ttf */; };
		8D6063842FD0D48600E36252 /* Inter_24pt-SemiBold.ttf in Resources */ = {isa = PBXBuildFile; fileRef = 8D60634A2FD0D48500E36252 /* Inter_24pt-SemiBold.ttf */; };
		8D6063852FD0D48600E36252 /* Inter_28pt-BoldItalic.ttf in Resources */ = {isa = PBXBuildFile; fileRef = 8D60634B2FD0D48500E36252 /* Inter_28pt-BoldItalic.ttf */; };
		8D6063862FD0D48600E36252 /* Inter_24pt-Regular.ttf in Resources */ = {isa = PBXBuildFile; fileRef = 8D60634C2FD0D48500E36252 /* Inter_24pt-Regular.ttf */; };
		8D6063872FD0D48600E36252 /* Inter_28pt-ExtraBoldItalic.ttf in Resources */ = {isa = PBXBuildFile; fileRef = 8D60634D2FD0D48500E36252 /* Inter_28pt-ExtraBoldItalic.ttf */; };
		8D6063882FD0D48600E36252 /* Inter_18pt-LightItalic.ttf in Resources */ = {isa = PBXBuildFile; fileRef = 8D60634E2FD0D48500E36252 /* Inter_18pt-LightItalic.ttf */; };
		8D6063892FD0D48600E36252 /* Inter_18pt-ExtraLight.ttf in Resources */ = {isa = PBXBuildFile; fileRef = 8D60634F2FD0D48500E36252 /* Inter_18pt-ExtraLight.ttf */; };
		8D60638A2FD0D48600E36252 /* Inter_18pt-ThinItalic.ttf in Resources */ = {isa = PBXBuildFile; fileRef = 8D6063502FD0D48500E36252 /* Inter_18pt-ThinItalic.ttf */; };
		8D60638B2FD0D48600E36252 /* Inter_18pt-ExtraBold.ttf in Resources */ = {isa = PBXBuildFile; fileRef = 8D6063512FD0D48500E36252 /* Inter_18pt-ExtraBold.ttf */; };
		8D60638C2FD0D48600E36252 /* Inter_18pt-BoldItalic.ttf in Resources */ = {isa = PBXBuildFile; fileRef = 8D6063522FD0D48500E36252 /* Inter_18pt-BoldItalic.ttf */; };
		8D60638D2FD0D48600E36252 /* Inter_28pt-Light.ttf in Resources */ = {isa = PBXBuildFile; fileRef = 8D6063532FD0D48500E36252 /* Inter_28pt-Light.ttf */; };
		8D60638E2FD0D48600E36252 /* Inter_18pt-Thin.ttf in Resources */ = {isa = PBXBuildFile; fileRef = 8D6063542FD0D48500E36252 /* Inter_18pt-Thin.ttf */; };
		8D60638F2FD0D48600E36252 /* Inter_28pt-Medium.ttf in Resources */ = {isa = PBXBuildFile; fileRef = 8D6063552FD0D48500E36252 /* Inter_28pt-Medium.ttf */; };
		8D6063902FD0D48600E36252 /* Inter_18pt-BlackItalic.ttf in Resources */ = {isa = PBXBuildFile; fileRef = 8D6063562FD0D48500E36252 /* Inter_18pt-BlackItalic.ttf */; };
		8D6063912FD0D48600E36252 /* Inter_28pt-BlackItalic.ttf in Resources */ = {isa = PBXBuildFile; fileRef = 8D6063572FD0D48500E36252 /* Inter_28pt-BlackItalic.ttf */; };
		8D6063922FD0D48600E36252 /* Inter_18pt-Bold.ttf in Resources */ = {isa = PBXBuildFile; fileRef = 8D6063582FD0D48500E36252 /* Inter_18pt-Bold.ttf */; };
		8D6063932FD0D48600E36252 /* Inter_18pt-ExtraLightItalic.ttf in Resources */ = {isa = PBXBuildFile; fileRef = 8D6063592FD0D48500E36252 /* Inter_18pt-ExtraLightItalic.ttf */; };
		8D6063942FD0D48600E36252 /* Inter_18pt-Medium.ttf in Resources */ = {isa = PBXBuildFile; fileRef = 8D60635A2FD0D48500E36252 /* Inter_18pt-Medium.ttf */; };
		8D6063952FD0D48600E36252 /* Inter_24pt-ExtraLightItalic.ttf in Resources */ = {isa = PBXBuildFile; fileRef = 8D60635B2FD0D48500E36252 /* Inter_24pt-ExtraLightItalic.ttf */; };
		8D6063962FD0D48600E36252 /* Inter_18pt-Black.ttf in Resources */ = {isa = PBXBuildFile; fileRef = 8D60635C2FD0D48500E36252 /* Inter_18pt-Black.ttf */; };
		8D6063972FD0D48600E36252 /* Inter_24pt-Light.ttf in Resources */ = {isa = PBXBuildFile; fileRef = 8D60635D2FD0D48500E36252 /* Inter_24pt-Light.ttf */; };
		8D6063982FD0D48600E36252 /* Inter_28pt-SemiBoldItalic.ttf in Resources */ = {isa = PBXBuildFile; fileRef = 8D60635E2FD0D48500E36252 /* Inter_28pt-SemiBoldItalic.ttf */; };
		8D6063992FD0D48600E36252 /* Inter_24pt-ExtraBoldItalic.ttf in Resources */ = {isa = PBXBuildFile; fileRef = 8D60635F2FD0D48500E36252 /* Inter_24pt-ExtraBoldItalic.ttf */; };
		8D60639A2FD0D48600E36252 /* Inter_24pt-MediumItalic.ttf in Resources */ = {isa = PBXBuildFile; fileRef = 8D6063602FD0D48500E36252 /* Inter_24pt-MediumItalic.ttf */; };
		8D60639B2FD0D48600E36252 /* Inter_28pt-SemiBold.ttf in Resources */ = {isa = PBXBuildFile; fileRef = 8D6063612FD0D48500E36252 /* Inter_28pt-SemiBold.ttf */; };
		8D60639C2FD0D48600E36252 /* Inter_18pt-MediumItalic.ttf in Resources */ = {isa = PBXBuildFile; fileRef = 8D6063622FD0D48500E36252 /* Inter_18pt-MediumItalic.ttf */; };
		8D60639D2FD0D48600E36252 /* Inter_24pt-BlackItalic.ttf in Resources */ = {isa = PBXBuildFile; fileRef = 8D6063632FD0D48500E36252 /* Inter_24pt-BlackItalic.ttf */; };
		8D60639E2FD0D48600E36252 /* Inter_28pt-Italic.ttf in Resources */ = {isa = PBXBuildFile; fileRef = 8D6063642FD0D48500E36252 /* Inter_28pt-Italic.ttf */; };
		8D60639F2FD0D48600E36252 /* Inter_24pt-Thin.ttf in Resources */ = {isa = PBXBuildFile; fileRef = 8D6063652FD0D48500E36252 /* Inter_24pt-Thin.ttf */; };
		8D6063A02FD0D48600E36252 /* Inter_24pt-SemiBoldItalic.ttf in Resources */ = {isa = PBXBuildFile; fileRef = 8D6063662FD0D48500E36252 /* Inter_24pt-SemiBoldItalic.ttf */; };
		8D6063A12FD0D48600E36252 /* Inter_24pt-Black.ttf in Resources */ = {isa = PBXBuildFile; fileRef = 8D6063672FD0D48500E36252 /* Inter_24pt-Black.ttf */; };
		8D6063A22FD0D48600E36252 /* Inter_18pt-Light.ttf in Resources */ = {isa = PBXBuildFile; fileRef = 8D6063682FD0D48500E36252 /* Inter_18pt-Light.ttf */; };
		8D6063A32FD0D48600E36252 /* Inter_28pt-Regular.ttf in Resources */ = {isa = PBXBuildFile; fileRef = 8D6063692FD0D48500E36252 /* Inter_28pt-Regular.ttf */; };
		8D6063A42FD0D48600E36252 /* Inter_28pt-MediumItalic.ttf in Resources */ = {isa = PBXBuildFile; fileRef = 8D60636A2FD0D48500E36252 /* Inter_28pt-MediumItalic.ttf */; };
		8D6063A52FD0D48600E36252 /* Inter_28pt-ExtraBold.ttf in Resources */ = {isa = PBXBuildFile; fileRef = 8D60636B2FD0D48500E36252 /* Inter_28pt-ExtraBold.ttf */; };
		8D6063A62FD0D48600E36252 /* Inter_24pt-Bold.ttf in Resources */ = {isa = PBXBuildFile; fileRef = 8D60636C2FD0D48500E36252 /* Inter_24pt-Bold.ttf */; };
		8D6063A72FD0D48600E36252 /* Inter_18pt-Italic.ttf in Resources */ = {isa = PBXBuildFile; fileRef = 8D60636D2FD0D48500E36252 /* Inter_18pt-Italic.ttf */; };
		8D6063A82FD0D48600E36252 /* Inter_28pt-Black.ttf in Resources */ = {isa = PBXBuildFile; fileRef = 8D60636E2FD0D48500E36252 /* Inter_28pt-Black.ttf */; };
		8D6063A92FD0D48600E36252 /* Inter_18pt-SemiBoldItalic.ttf in Resources */ = {isa = PBXBuildFile; fileRef = 8D60636F2FD0D48500E36252 /* Inter_18pt-SemiBoldItalic.ttf */; };
		8D6063AA2FD0D48600E36252 /* Inter_24pt-BoldItalic.ttf in Resources */ = {isa = PBXBuildFile; fileRef = 8D6063702FD0D48500E36252 /* Inter_24pt-BoldItalic.ttf */; };
		8D6063AB2FD0D48600E36252 /* Inter_18pt-SemiBold.ttf in Resources */ = {isa = PBXBuildFile; fileRef = 8D6063712FD0D48500E36252 /* Inter_18pt-SemiBold.ttf */; };
		8D6063AC2FD0D48600E36252 /* Inter_24pt-ThinItalic.ttf in Resources */ = {isa = PBXBuildFile; fileRef = 8D6063722FD0D48500E36252 /* Inter_24pt-ThinItalic.ttf */; };
		8D6063AD2FD0D48600E36252 /* Inter_18pt-Regular.ttf in Resources */ = {isa = PBXBuildFile; fileRef = 8D6063732FD0D48500E36252 /* Inter_18pt-Regular.ttf */; };
		8D6063AE2FD0D48600E36252 /* Inter_24pt-ExtraLight.ttf in Resources */ = {isa = PBXBuildFile; fileRef = 8D6063742FD0D48500E36252 /* Inter_24pt-ExtraLight.ttf */; };
		8D6063AF2FD0D48600E36252 /* Inter_24pt-Italic.ttf in Resources */ = {isa = PBXBuildFile; fileRef = 8D6063752FD0D48500E36252 /* Inter_24pt-Italic.ttf */; };
		8D6063B02FD0D48600E36252 /* Inter_24pt-LightItalic.ttf in Resources */ = {isa = PBXBuildFile; fileRef = 8D6063762FD0D48500E36252 /* Inter_24pt-LightItalic.ttf */; };
		8D6063B12FD0D48600E36252 /* OFL.txt in Resources */ = {isa = PBXBuildFile; fileRef = 8D6063772FD0D48500E36252 /* OFL.txt */; };
		8D6063B22FD0D48600E36252 /* Inter.ttf in Resources */ = {isa = PBXBuildFile; fileRef = 8D6063782FD0D48500E36252 /* Inter.ttf */; };
		8D6063B32FD0D48600E36252 /* README.txt in Resources */ = {isa = PBXBuildFile; fileRef = 8D6063792FD0D48500E36252 /* README.txt */; };
		8D7497662FB2721A009D6AD7 /* CoreCollectionViewController.swift in Sources */ = {isa = PBXBuildFile; fileRef = 8D7497652FB2721A009D6AD7 /* CoreCollectionViewController.swift */; };
		8D7A5E7B2FD862E700ACD94A /* RegexParametersValidation.swift in Sources */ = {isa = PBXBuildFile; fileRef = 8D7A5E7A2FD862E700ACD94A /* RegexParametersValidation.swift */; };
		8D7A5E7D2FD87BCB00ACD94A /* HomeClientCollectionViewController.swift in Sources */ = {isa = PBXBuildFile; fileRef = 8D7A5E7C2FD87BCB00ACD94A /* HomeClientCollectionViewController.swift */; };
		8D7FF2592FF585B000B53B87 /* PaymentHeaderMethodCollectionViewCell.swift in Sources */ = {isa = PBXBuildFile; fileRef = 8D7FF2582FF585B000B53B87 /* PaymentHeaderMethodCollectionViewCell.swift */; };
		8D7FF25B2FF5861100B53B87 /* PaymentMethodCollectionViewController.swift in Sources */ = {isa = PBXBuildFile; fileRef = 8D7FF25A2FF5861100B53B87 /* PaymentMethodCollectionViewController.swift */; };
		8D7FF25D2FF58F9900B53B87 /* MethodCollectionViewCell.swift in Sources */ = {isa = PBXBuildFile; fileRef = 8D7FF25C2FF58F9900B53B87 /* MethodCollectionViewCell.swift */; };
		8D8153412FD9FA6C002F8A06 /* HomeClientCollectionViewCell.swift in Sources */ = {isa = PBXBuildFile; fileRef = 8D8153402FD9FA6C002F8A06 /* HomeClientCollectionViewCell.swift */; };
		8D844CCA2FDB3BAB007E5B5F /* LawCategoriesCollectionViewCell.swift in Sources */ = {isa = PBXBuildFile; fileRef = 8D844CC92FDB3BAB007E5B5F /* LawCategoriesCollectionViewCell.swift */; };
		8D844CCD2FDB5F2D007E5B5F /* CategoriesModel.swift in Sources */ = {isa = PBXBuildFile; fileRef = 8D844CCC2FDB5F2D007E5B5F /* CategoriesModel.swift */; };
		8D859F8E2FE588E7004AA443 /* FavoriteTableViewController.swift in Sources */ = {isa = PBXBuildFile; fileRef = 8D859F8D2FE588E7004AA443 /* FavoriteTableViewController.swift */; };
		8D859F902FE5E074004AA443 /* ProfileLawyerCollectionViewController.swift in Sources */ = {isa = PBXBuildFile; fileRef = 8D859F8F2FE5E074004AA443 /* ProfileLawyerCollectionViewController.swift */; };
		8D859F922FE5E1BF004AA443 /* ProfileLawyersCollectionViewCell.swift in Sources */ = {isa = PBXBuildFile; fileRef = 8D859F912FE5E1BF004AA443 /* ProfileLawyersCollectionViewCell.swift */; };
		8D887EBB2FE2ED3600C7E40D /* LawyersFilter.swift in Sources */ = {isa = PBXBuildFile; fileRef = 8D887EBA2FE2ED3600C7E40D /* LawyersFilter.swift */; };
		8D8D3E512FEDDDF60021BFE0 /* HoursCollectionViewCell.swift in Sources */ = {isa = PBXBuildFile; fileRef = 8D8D3E502FEDDDF60021BFE0 /* HoursCollectionViewCell.swift */; };
		8D94643C2FF6BF6100284A20 /* PaymentButtonsCollectionViewCell.swift in Sources */ = {isa = PBXBuildFile; fileRef = 8D94643B2FF6BF6100284A20 /* PaymentButtonsCollectionViewCell.swift */; };
		8D94643E2FF6F34000284A20 /* CardDetailsCollectionViewController.swift in Sources */ = {isa = PBXBuildFile; fileRef = 8D94643D2FF6F34000284A20 /* CardDetailsCollectionViewController.swift */; };
		8D9464402FF6F3E600284A20 /* SuccessPaymentAppointmentCollectionViewController.swift in Sources */ = {isa = PBXBuildFile; fileRef = 8D94643F2FF6F3E600284A20 /* SuccessPaymentAppointmentCollectionViewController.swift */; };
		8D9651012FF41AB500EB9D09 /* PaymentSummaryCollectionViewCell.swift in Sources */ = {isa = PBXBuildFile; fileRef = 8D9651002FF41AB500EB9D09 /* PaymentSummaryCollectionViewCell.swift */; };
		8D9B880A300147F800F496CF /* LoginCollectionViewController.swift in Sources */ = {isa = PBXBuildFile; fileRef = 8D9B8809300147F800F496CF /* LoginCollectionViewController.swift */; };
		8D9B880C3001492900F496CF /* LoginCollectionViewCell.swift in Sources */ = {isa = PBXBuildFile; fileRef = 8D9B880B3001492900F496CF /* LoginCollectionViewCell.swift */; };
		8D9C4E932FE4A8B0008F4C3D /* LegalisAppUITests.swift in Sources */ = {isa = PBXBuildFile; fileRef = 8D9C4E922FE4A8B0008F4C3D /* LegalisAppUITests.swift */; };
		8D9C4E952FE4A8B0008F4C3D /* LegalisAppUITestsLaunchTests.swift in Sources */ = {isa = PBXBuildFile; fileRef = 8D9C4E942FE4A8B0008F4C3D /* LegalisAppUITestsLaunchTests.swift */; };
		8D9C4E9F2FE4AA0B008F4C3D /* LawyersSignUpViewTest.swift in Sources */ = {isa = PBXBuildFile; fileRef = 8D9C4E9E2FE4AA0B008F4C3D /* LawyersSignUpViewTest.swift */; };
		8DA2ADF12FE19EAF00F88BC5 /* FilterSectionCollectionViewCell.swift in Sources */ = {isa = PBXBuildFile; fileRef = 8DA2ADF02FE19EAF00F88BC5 /* FilterSectionCollectionViewCell.swift */; };
		8DA2F9EF2FCE2D2500E8E324 /* HomeLawyerViewController.swift in Sources */ = {isa = PBXBuildFile; fileRef = 8DA2F9EE2FCE2D2500E8E324 /* HomeLawyerViewController.swift */; };
		8DA577642FE05D6D000EC1C4 /* LawyersListHeaderCollectionViewCell.swift in Sources */ = {isa = PBXBuildFile; fileRef = 8DA577632FE05D6D000EC1C4 /* LawyersListHeaderCollectionViewCell.swift */; };
		8DA748C72FDDC156002E2096 /* LawyersCategoriesListCollectionViewController.swift in Sources */ = {isa = PBXBuildFile; fileRef = 8DA748C62FDDC156002E2096 /* LawyersCategoriesListCollectionViewController.swift */; };
		8DB159202FF2BCD100EC6B14 /* PaymentHeaderCollectionViewCell.swift in Sources */ = {isa = PBXBuildFile; fileRef = 8DB1591F2FF2BCD100EC6B14 /* PaymentHeaderCollectionViewCell.swift */; };
		8DB159222FF2BDA700EC6B14 /* PaymentSummaryCollectionViewController.swift in Sources */ = {isa = PBXBuildFile; fileRef = 8DB159212FF2BDA700EC6B14 /* PaymentSummaryCollectionViewController.swift */; };
		8DB4B3A12FE9C99D00F744CA /* DescriptionCollectionViewCell.swift in Sources */ = {isa = PBXBuildFile; fileRef = 8DB4B3A02FE9C99D00F744CA /* DescriptionCollectionViewCell.swift */; };
		8DB4B3A32FE9F25900F744CA /* ProfileDataCollectionViewCell.swift in Sources */ = {isa = PBXBuildFile; fileRef = 8DB4B3A22FE9F25900F744CA /* ProfileDataCollectionViewCell.swift */; };
		8DB540402FA56CEE00D8DB72 /* UIView+Layout.swift in Sources */ = {isa = PBXBuildFile; fileRef = 8DB5403F2FA56CEE00D8DB72 /* UIView+Layout.swift */; };
		8DB701422FDB104E0068E552 /* HeaderSecondSectionCollectionViewCell.swift in Sources */ = {isa = PBXBuildFile; fileRef = 8DB701412FDB104E0068E552 /* HeaderSecondSectionCollectionViewCell.swift */; };
		8DC2A2DD2FFEAA34004AC3B1 /* MainCoordinator.swift in Sources */ = {isa = PBXBuildFile; fileRef = 8DC2A2DC2FFEAA34004AC3B1 /* MainCoordinator.swift */; };
		8DC2A2DF2FFEE1F6004AC3B1 /* MyAccountLawyerTableViewControllerViewController.swift in Sources */ = {isa = PBXBuildFile; fileRef = 8DC2A2DE2FFEE1F6004AC3B1 /* MyAccountLawyerTableViewControllerViewController.swift */; };
		8DC2A2E12FFEE4C6004AC3B1 /* MyAccountLawyerTableViewCell.swift in Sources */ = {isa = PBXBuildFile; fileRef = 8DC2A2E02FFEE4C6004AC3B1 /* MyAccountLawyerTableViewCell.swift */; };
		8DC8916B30068CD10005B156 /* MessageKit in Frameworks */ = {isa = PBXBuildFile; productRef = 8DC8916A30068CD10005B156 /* MessageKit */; };
		8DC8A4C12FD7199F005AD39C /* iOSDropDown in Frameworks */ = {isa = PBXBuildFile; productRef = 8DC8A4C02FD7199F005AD39C /* iOSDropDown */; };
		8DC8A4C32FD746AA005AD39C /* HTMLText.swift in Sources */ = {isa = PBXBuildFile; fileRef = 8DC8A4C22FD746AA005AD39C /* HTMLText.swift */; };
		8DD5E373300930610093DA03 /* HeaderCollectionViewCell.swift in Sources */ = {isa = PBXBuildFile; fileRef = 8DD5E372300930610093DA03 /* HeaderCollectionViewCell.swift */; };
		8DE9898C2FE43D39001973E3 /* LawyersListCollectionViewCell.swift in Sources */ = {isa = PBXBuildFile; fileRef = 8DE9898B2FE43D39001973E3 /* LawyersListCollectionViewCell.swift */; };
		8DE9898F2FE451ED001973E3 /* LawyerCardsModel.swift in Sources */ = {isa = PBXBuildFile; fileRef = 8DE9898E2FE451ED001973E3 /* LawyerCardsModel.swift */; };
		8DEB0AFE2FD9ADC800873DB2 /* MainTabBarItemNavigationViewController.swift in Sources */ = {isa = PBXBuildFile; fileRef = 8DEB0AFD2FD9ADC800873DB2 /* MainTabBarItemNavigationViewController.swift */; };
		8DEB0B002FD9DBC700873DB2 /* ConversationsTableViewController.swift in Sources */ = {isa = PBXBuildFile; fileRef = 8DEB0AFF2FD9DBC700873DB2 /* ConversationsTableViewController.swift */; };
		8DF0C6FF2FFDBEE200647129 /* Coordinator.swift in Sources */ = {isa = PBXBuildFile; fileRef = 8DF0C6FE2FFDBEE200647129 /* Coordinator.swift */; };
/* End PBXBuildFile section */

/* Begin PBXContainerItemProxy section */
		8D9C4E962FE4A8B0008F4C3D /* PBXContainerItemProxy */ = {
			isa = PBXContainerItemProxy;
			containerPortal = 8D18D0582FA28B6E0038AB85 /* Project object */;
			proxyType = 1;
			remoteGlobalIDString = 8D18D05F2FA28B6E0038AB85;
			remoteInfo = LegalisApp;
		};
/* End PBXContainerItemProxy section */

/* Begin PBXFileReference section */
		8D04F9A02FFBFF550029A37D /* SuccessCheckPointCollectionViewCell.swift */ = {isa = PBXFileReference; lastKnownFileType = sourcecode.swift; path = SuccessCheckPointCollectionViewCell.swift; sourceTree = "<group>"; };
		8D04F9A22FFBFFB40029A37D /* AppointmentDetailsCollectionViewCell.swift */ = {isa = PBXFileReference; lastKnownFileType = sourcecode.swift; path = AppointmentDetailsCollectionViewCell.swift; sourceTree = "<group>"; };
		8D04F9A42FFC00220029A37D /* AnotherConsultsCollectionViewCell.swift */ = {isa = PBXFileReference; lastKnownFileType = sourcecode.swift; path = AnotherConsultsCollectionViewCell.swift; sourceTree = "<group>"; };
		8D0C89DE2FCF933200B8C306 /* ClientsSignUpView.swift */ = {isa = PBXFileReference; lastKnownFileType = sourcecode.swift; path = ClientsSignUpView.swift; sourceTree = "<group>"; };
		8D18D0602FA28B6E0038AB85 /* LegalisApp.app */ = {isa = PBXFileReference; explicitFileType = wrapper.application; includeInIndex = 0; path = LegalisApp.app; sourceTree = BUILT_PRODUCTS_DIR; };
		8D18D0632FA28B6E0038AB85 /* AppDelegate.swift */ = {isa = PBXFileReference; lastKnownFileType = sourcecode.swift; path = AppDelegate.swift; sourceTree = "<group>"; };
		8D18D0652FA28B6E0038AB85 /* SceneDelegate.swift */ = {isa = PBXFileReference; lastKnownFileType = sourcecode.swift; path = SceneDelegate.swift; sourceTree = "<group>"; };
		8D18D0672FA28B6E0038AB85 /* ViewController.swift */ = {isa = PBXFileReference; lastKnownFileType = sourcecode.swift; path = ViewController.swift; sourceTree = "<group>"; };
		8D18D06A2FA28B6E0038AB85 /* Base */ = {isa = PBXFileReference; lastKnownFileType = file.storyboard; name = Base; path = Base.lproj/Main.storyboard; sourceTree = "<group>"; };
		8D18D06C2FA28B700038AB85 /* Assets.xcassets */ = {isa = PBXFileReference; lastKnownFileType = folder.assetcatalog; path = Assets.xcassets; sourceTree = "<group>"; };
		8D18D06F2FA28B700038AB85 /* Base */ = {isa = PBXFileReference; lastKnownFileType = file.storyboard; name = Base; path = Base.lproj/LaunchScreen.storyboard; sourceTree = "<group>"; };
		8D18D0712FA28B700038AB85 /* Info.plist */ = {isa = PBXFileReference; lastKnownFileType = text.plist.xml; path = Info.plist; sourceTree = "<group>"; };
		8D18D0952FA2A9CE0038AB85 /* WelcomeView.swift */ = {isa = PBXFileReference; lastKnownFileType = sourcecode.swift; path = WelcomeView.swift; sourceTree = "<group>"; };
		8D18D0972FA2BBA10038AB85 /* WelcomeViewController.swift */ = {isa = PBXFileReference; lastKnownFileType = sourcecode.swift; path = WelcomeViewController.swift; sourceTree = "<group>"; };
		8D3944462FAF752700CED997 /* Utilities.swift */ = {isa = PBXFileReference; lastKnownFileType = sourcecode.swift; path = Utilities.swift; sourceTree = "<group>"; };
		8D3944492FAFAF2B00CED997 /* RegisterModel.swift */ = {isa = PBXFileReference; lastKnownFileType = sourcecode.swift; path = RegisterModel.swift; sourceTree = "<group>"; };
		8D3960E32FEC2C0100ECE276 /* HeaderSectionsCollectionViewCell.swift */ = {isa = PBXFileReference; lastKnownFileType = sourcecode.swift; path = HeaderSectionsCollectionViewCell.swift; sourceTree = "<group>"; };
		8D3960E52FEC6E0700ECE276 /* AppointmentCollectionViewCell.swift */ = {isa = PBXFileReference; lastKnownFileType = sourcecode.swift; path = AppointmentCollectionViewCell.swift; sourceTree = "<group>"; };
		8D3960E72FEC6E6F00ECE276 /* AppointmentNavItemCollectionViewController.swift */ = {isa = PBXFileReference; lastKnownFileType = sourcecode.swift; path = AppointmentNavItemCollectionViewController.swift; sourceTree = "<group>"; };
		8D3960E92FEC94DB00ECE276 /* CalendarCollectionViewCell.swift */ = {isa = PBXFileReference; lastKnownFileType = sourcecode.swift; path = CalendarCollectionViewCell.swift; sourceTree = "<group>"; };
		8D3960ED2FEC960300ECE276 /* AppointmentScheduleCollectionViewController.swift */ = {isa = PBXFileReference; lastKnownFileType = sourcecode.swift; path = AppointmentScheduleCollectionViewController.swift; sourceTree = "<group>"; };
		8D40DFE32FEF2D98009373A9 /* ModalityCollectionViewCell.swift */ = {isa = PBXFileReference; lastKnownFileType = sourcecode.swift; path = ModalityCollectionViewCell.swift; sourceTree = "<group>"; };
		8D40DFE52FEF4FEC009373A9 /* ContinueButtonCollectionViewCell.swift */ = {isa = PBXFileReference; lastKnownFileType = sourcecode.swift; path = ContinueButtonCollectionViewCell.swift; sourceTree = "<group>"; };
		8D419C702FEAE0B900FDCDDB /* RatingCollectionViewCell.swift */ = {isa = PBXFileReference; lastKnownFileType = sourcecode.swift; path = RatingCollectionViewCell.swift; sourceTree = "<group>"; };
		8D436B862FBE6A8F00429E60 /* NSMutableAttributedString.swift */ = {isa = PBXFileReference; lastKnownFileType = sourcecode.swift; path = NSMutableAttributedString.swift; sourceTree = "<group>"; };
		8D44E45E2FAA9D2B00AC5242 /* welcomeVideo.mp4 */ = {isa = PBXFileReference; lastKnownFileType = file; path = welcomeVideo.mp4; sourceTree = "<group>"; };
		8D44E4602FAAAEFE00AC5242 /* LawyersSignUpView.swift */ = {isa = PBXFileReference; lastKnownFileType = sourcecode.swift; path = LawyersSignUpView.swift; sourceTree = "<group>"; };
		8D44E4622FAAB3F700AC5242 /* LawyersSignUpViewController.swift */ = {isa = PBXFileReference; lastKnownFileType = sourcecode.swift; path = LawyersSignUpViewController.swift; sourceTree = "<group>"; };
		8D44E4652FAAB80300AC5242 /* ClientsSignUpViewController.swift */ = {isa = PBXFileReference; lastKnownFileType = sourcecode.swift; path = ClientsSignUpViewController.swift; sourceTree = "<group>"; };
		8D496CC82FF818AE004AD901 /* CardDetailsCollectionViewCell.swift */ = {isa = PBXFileReference; lastKnownFileType = sourcecode.swift; path = CardDetailsCollectionViewCell.swift; sourceTree = "<group>"; };
		8D4CA5CF3007DF5A00F8D949 /* ListOfAppointmentsCollectionViewCell.swift */ = {isa = PBXFileReference; lastKnownFileType = sourcecode.swift; path = ListOfAppointmentsCollectionViewCell.swift; sourceTree = "<group>"; };
		8D4EA1893005526200AAB230 /* NewConversationsViewController.swift */ = {isa = PBXFileReference; lastKnownFileType = sourcecode.swift; path = NewConversationsViewController.swift; sourceTree = "<group>"; };
		8D4EA18B3005533700AAB230 /* PhotosViewerViewController.swift */ = {isa = PBXFileReference; lastKnownFileType = sourcecode.swift; path = PhotosViewerViewController.swift; sourceTree = "<group>"; };
		8D4EA18D3005539E00AAB230 /* AudioViewController.swift */ = {isa = PBXFileReference; lastKnownFileType = sourcecode.swift; path = AudioViewController.swift; sourceTree = "<group>"; };
		8D4EA18F300554A600AAB230 /* DocumentsViewController.swift */ = {isa = PBXFileReference; lastKnownFileType = sourcecode.swift; path = DocumentsViewController.swift; sourceTree = "<group>"; };
		8D4EA191300592E500AAB230 /* ConversationsTableViewCell.swift */ = {isa = PBXFileReference; lastKnownFileType = sourcecode.swift; path = ConversationsTableViewCell.swift; sourceTree = "<group>"; };
		8D4EA193300596F400AAB230 /* ChatViewController.swift */ = {isa = PBXFileReference; lastKnownFileType = sourcecode.swift; path = ChatViewController.swift; sourceTree = "<group>"; };
		8D50D2462FEB4077005040D4 /* AppointmentActionCollectionViewCell.swift */ = {isa = PBXFileReference; lastKnownFileType = sourcecode.swift; path = AppointmentActionCollectionViewCell.swift; sourceTree = "<group>"; };
		8D60633F2FD0D48500E36252 /* Inter-Italic-VariableFont_opsz,wght.ttf */ = {isa = PBXFileReference; lastKnownFileType = file; path = "Inter-Italic-VariableFont_opsz,wght.ttf"; sourceTree = "<group>"; };
		8D6063412FD0D48500E36252 /* Inter_28pt-LightItalic.ttf */ = {isa = PBXFileReference; lastKnownFileType = file; path = "Inter_28pt-LightItalic.ttf"; sourceTree = "<group>"; };
		8D6063422FD0D48500E36252 /* Inter_18pt-ExtraBoldItalic.ttf */ = {isa = PBXFileReference; lastKnownFileType = file; path = "Inter_18pt-ExtraBoldItalic.ttf"; sourceTree = "<group>"; };
		8D6063432FD0D48500E36252 /* Inter_24pt-Medium.ttf */ = {isa = PBXFileReference; lastKnownFileType = file; path = "Inter_24pt-Medium.ttf"; sourceTree = "<group>"; };
		8D6063442FD0D48500E36252 /* Inter_28pt-ExtraLightItalic.ttf */ = {isa = PBXFileReference; lastKnownFileType = file; path = "Inter_28pt-ExtraLightItalic.ttf"; sourceTree = "<group>"; };
		8D6063452FD0D48500E36252 /* Inter_28pt-Bold.ttf */ = {isa = PBXFileReference; lastKnownFileType = file; path = "Inter_28pt-Bold.ttf"; sourceTree = "<group>"; };
		8D6063462FD0D48500E36252 /* Inter_28pt-ExtraLight.ttf */ = {isa = PBXFileReference; lastKnownFileType = file; path = "Inter_28pt-ExtraLight.ttf"; sourceTree = "<group>"; };
		8D6063472FD0D48500E36252 /* Inter_28pt-Thin.ttf */ = {isa = PBXFileReference; lastKnownFileType = file; path = "Inter_28pt-Thin.ttf"; sourceTree = "<group>"; };
		8D6063482FD0D48500E36252 /* Inter_28pt-ThinItalic.ttf */ = {isa = PBXFileReference; lastKnownFileType = file; path = "Inter_28pt-ThinItalic.ttf"; sourceTree = "<group>"; };
		8D6063492FD0D48500E36252 /* Inter_24pt-ExtraBold.ttf */ = {isa = PBXFileReference; lastKnownFileType = file; path = "Inter_24pt-ExtraBold.ttf"; sourceTree = "<group>"; };
		8D60634A2FD0D48500E36252 /* Inter_24pt-SemiBold.ttf */ = {isa = PBXFileReference; lastKnownFileType = file; path = "Inter_24pt-SemiBold.ttf"; sourceTree = "<group>"; };
		8D60634B2FD0D48500E36252 /* Inter_28pt-BoldItalic.ttf */ = {isa = PBXFileReference; lastKnownFileType = file; path = "Inter_28pt-BoldItalic.ttf"; sourceTree = "<group>"; };
		8D60634C2FD0D48500E36252 /* Inter_24pt-Regular.ttf */ = {isa = PBXFileReference; lastKnownFileType = file; path = "Inter_24pt-Regular.ttf"; sourceTree = "<group>"; };
		8D60634D2FD0D48500E36252 /* Inter_28pt-ExtraBoldItalic.ttf */ = {isa = PBXFileReference; lastKnownFileType = file; path = "Inter_28pt-ExtraBoldItalic.ttf"; sourceTree = "<group>"; };
		8D60634E2FD0D48500E36252 /* Inter_18pt-LightItalic.ttf */ = {isa = PBXFileReference; lastKnownFileType = file; path = "Inter_18pt-LightItalic.ttf"; sourceTree = "<group>"; };
		8D60634F2FD0D48500E36252 /* Inter_18pt-ExtraLight.ttf */ = {isa = PBXFileReference; lastKnownFileType = file; path = "Inter_18pt-ExtraLight.ttf"; sourceTree = "<group>"; };
		8D6063502FD0D48500E36252 /* Inter_18pt-ThinItalic.ttf */ = {isa = PBXFileReference; lastKnownFileType = file; path = "Inter_18pt-ThinItalic.ttf"; sourceTree = "<group>"; };
		8D6063512FD0D48500E36252 /* Inter_18pt-ExtraBold.ttf */ = {isa = PBXFileReference; lastKnownFileType = file; path = "Inter_18pt-ExtraBold.ttf"; sourceTree = "<group>"; };
		8D6063522FD0D48500E36252 /* Inter_18pt-BoldItalic.ttf */ = {isa = PBXFileReference; lastKnownFileType = file; path = "Inter_18pt-BoldItalic.ttf"; sourceTree = "<group>"; };
		8D6063532FD0D48500E36252 /* Inter_28pt-Light.ttf */ = {isa = PBXFileReference; lastKnownFileType = file; path = "Inter_28pt-Light.ttf"; sourceTree = "<group>"; };
		8D6063542FD0D48500E36252 /* Inter_18pt-Thin.ttf */ = {isa = PBXFileReference; lastKnownFileType = file; path = "Inter_18pt-Thin.ttf"; sourceTree = "<group>"; };
		8D6063552FD0D48500E36252 /* Inter_28pt-Medium.ttf */ = {isa = PBXFileReference; lastKnownFileType = file; path = "Inter_28pt-Medium.ttf"; sourceTree = "<group>"; };
		8D6063562FD0D48500E36252 /* Inter_18pt-BlackItalic.ttf */ = {isa = PBXFileReference; lastKnownFileType = file; path = "Inter_18pt-BlackItalic.ttf"; sourceTree = "<group>"; };
		8D6063572FD0D48500E36252 /* Inter_28pt-BlackItalic.ttf */ = {isa = PBXFileReference; lastKnownFileType = file; path = "Inter_28pt-BlackItalic.ttf"; sourceTree = "<group>"; };
		8D6063582FD0D48500E36252 /* Inter_18pt-Bold.ttf */ = {isa = PBXFileReference; lastKnownFileType = file; path = "Inter_18pt-Bold.ttf"; sourceTree = "<group>"; };
		8D6063592FD0D48500E36252 /* Inter_18pt-ExtraLightItalic.ttf */ = {isa = PBXFileReference; lastKnownFileType = file; path = "Inter_18pt-ExtraLightItalic.ttf"; sourceTree = "<group>"; };
		8D60635A2FD0D48500E36252 /* Inter_18pt-Medium.ttf */ = {isa = PBXFileReference; lastKnownFileType = file; path = "Inter_18pt-Medium.ttf"; sourceTree = "<group>"; };
		8D60635B2FD0D48500E36252 /* Inter_24pt-ExtraLightItalic.ttf */ = {isa = PBXFileReference; lastKnownFileType = file; path = "Inter_24pt-ExtraLightItalic.ttf"; sourceTree = "<group>"; };
		8D60635C2FD0D48500E36252 /* Inter_18pt-Black.ttf */ = {isa = PBXFileReference; lastKnownFileType = file; path = "Inter_18pt-Black.ttf"; sourceTree = "<group>"; };
		8D60635D2FD0D48500E36252 /* Inter_24pt-Light.ttf */ = {isa = PBXFileReference; lastKnownFileType = file; path = "Inter_24pt-Light.ttf"; sourceTree = "<group>"; };
		8D60635E2FD0D48500E36252 /* Inter_28pt-SemiBoldItalic.ttf */ = {isa = PBXFileReference; lastKnownFileType = file; path = "Inter_28pt-SemiBoldItalic.ttf"; sourceTree = "<group>"; };
		8D60635F2FD0D48500E36252 /* Inter_24pt-ExtraBoldItalic.ttf */ = {isa = PBXFileReference; lastKnownFileType = file; path = "Inter_24pt-ExtraBoldItalic.ttf"; sourceTree = "<group>"; };
		8D6063602FD0D48500E36252 /* Inter_24pt-MediumItalic.ttf */ = {isa = PBXFileReference; lastKnownFileType = file; path = "Inter_24pt-MediumItalic.ttf"; sourceTree = "<group>"; };
		8D6063612FD0D48500E36252 /* Inter_28pt-SemiBold.ttf */ = {isa = PBXFileReference; lastKnownFileType = file; path = "Inter_28pt-SemiBold.ttf"; sourceTree = "<group>"; };
		8D6063622FD0D48500E36252 /* Inter_18pt-MediumItalic.ttf */ = {isa = PBXFileReference; lastKnownFileType = file; path = "Inter_18pt-MediumItalic.ttf"; sourceTree = "<group>"; };
		8D6063632FD0D48500E36252 /* Inter_24pt-BlackItalic.ttf */ = {isa = PBXFileReference; lastKnownFileType = file; path = "Inter_24pt-BlackItalic.ttf"; sourceTree = "<group>"; };
		8D6063642FD0D48500E36252 /* Inter_28pt-Italic.ttf */ = {isa = PBXFileReference; lastKnownFileType = file; path = "Inter_28pt-Italic.ttf"; sourceTree = "<group>"; };
		8D6063652FD0D48500E36252 /* Inter_24pt-Thin.ttf */ = {isa = PBXFileReference; lastKnownFileType = file; path = "Inter_24pt-Thin.ttf"; sourceTree = "<group>"; };
		8D6063662FD0D48500E36252 /* Inter_24pt-SemiBoldItalic.ttf */ = {isa = PBXFileReference; lastKnownFileType = file; path = "Inter_24pt-SemiBoldItalic.ttf"; sourceTree = "<group>"; };
		8D6063672FD0D48500E36252 /* Inter_24pt-Black.ttf */ = {isa = PBXFileReference; lastKnownFileType = file; path = "Inter_24pt-Black.ttf"; sourceTree = "<group>"; };
		8D6063682FD0D48500E36252 /* Inter_18pt-Light.ttf */ = {isa = PBXFileReference; lastKnownFileType = file; path = "Inter_18pt-Light.ttf"; sourceTree = "<group>"; };
		8D6063692FD0D48500E36252 /* Inter_28pt-Regular.ttf */ = {isa = PBXFileReference; lastKnownFileType = file; path = "Inter_28pt-Regular.ttf"; sourceTree = "<group>"; };
		8D60636A2FD0D48500E36252 /* Inter_28pt-MediumItalic.ttf */ = {isa = PBXFileReference; lastKnownFileType = file; path = "Inter_28pt-MediumItalic.ttf"; sourceTree = "<group>"; };
		8D60636B2FD0D48500E36252 /* Inter_28pt-ExtraBold.ttf */ = {isa = PBXFileReference; lastKnownFileType = file; path = "Inter_28pt-ExtraBold.ttf"; sourceTree = "<group>"; };
		8D60636C2FD0D48500E36252 /* Inter_24pt-Bold.ttf */ = {isa = PBXFileReference; lastKnownFileType = file; path = "Inter_24pt-Bold.ttf"; sourceTree = "<group>"; };
		8D60636D2FD0D48500E36252 /* Inter_18pt-Italic.ttf */ = {isa = PBXFileReference; lastKnownFileType = file; path = "Inter_18pt-Italic.ttf"; sourceTree = "<group>"; };
		8D60636E2FD0D48500E36252 /* Inter_28pt-Black.ttf */ = {isa = PBXFileReference; lastKnownFileType = file; path = "Inter_28pt-Black.ttf"; sourceTree = "<group>"; };
		8D60636F2FD0D48500E36252 /* Inter_18pt-SemiBoldItalic.ttf */ = {isa = PBXFileReference; lastKnownFileType = file; path = "Inter_18pt-SemiBoldItalic.ttf"; sourceTree = "<group>"; };
		8D6063702FD0D48500E36252 /* Inter_24pt-BoldItalic.ttf */ = {isa = PBXFileReference; lastKnownFileType = file; path = "Inter_24pt-BoldItalic.ttf"; sourceTree = "<group>"; };
		8D6063712FD0D48500E36252 /* Inter_18pt-SemiBold.ttf */ = {isa = PBXFileReference; lastKnownFileType = file; path = "Inter_18pt-SemiBold.ttf"; sourceTree = "<group>"; };
		8D6063722FD0D48500E36252 /* Inter_24pt-ThinItalic.ttf */ = {isa = PBXFileReference; lastKnownFileType = file; path = "Inter_24pt-ThinItalic.ttf"; sourceTree = "<group>"; };
		8D6063732FD0D48500E36252 /* Inter_18pt-Regular.ttf */ = {isa = PBXFileReference; lastKnownFileType = file; path = "Inter_18pt-Regular.ttf"; sourceTree = "<group>"; };
		8D6063742FD0D48500E36252 /* Inter_24pt-ExtraLight.ttf */ = {isa = PBXFileReference; lastKnownFileType = file; path = "Inter_24pt-ExtraLight.ttf"; sourceTree = "<group>"; };
		8D6063752FD0D48500E36252 /* Inter_24pt-Italic.ttf */ = {isa = PBXFileReference; lastKnownFileType = file; path = "Inter_24pt-Italic.ttf"; sourceTree = "<group>"; };
		8D6063762FD0D48500E36252 /* Inter_24pt-LightItalic.ttf */ = {isa = PBXFileReference; lastKnownFileType = file; path = "Inter_24pt-LightItalic.ttf"; sourceTree = "<group>"; };
		8D6063772FD0D48500E36252 /* OFL.txt */ = {isa = PBXFileReference; fileEncoding = 4; lastKnownFileType = text; path = OFL.txt; sourceTree = "<group>"; };
		8D6063782FD0D48500E36252 /* Inter.ttf */ = {isa = PBXFileReference; lastKnownFileType = file; path = Inter.ttf; sourceTree = "<group>"; };
		8D6063792FD0D48500E36252 /* README.txt */ = {isa = PBXFileReference; fileEncoding = 4; lastKnownFileType = text; path = README.txt; sourceTree = "<group>"; };
		8D7497652FB2721A009D6AD7 /* CoreCollectionViewController.swift */ = {isa = PBXFileReference; lastKnownFileType = sourcecode.swift; path = CoreCollectionViewController.swift; sourceTree = "<group>"; };
		8D7A5E7A2FD862E700ACD94A /* RegexParametersValidation.swift */ = {isa = PBXFileReference; lastKnownFileType = sourcecode.swift; path = RegexParametersValidation.swift; sourceTree = "<group>"; };
		8D7A5E7C2FD87BCB00ACD94A /* HomeClientCollectionViewController.swift */ = {isa = PBXFileReference; lastKnownFileType = sourcecode.swift; path = HomeClientCollectionViewController.swift; sourceTree = "<group>"; };
		8D7FF2582FF585B000B53B87 /* PaymentHeaderMethodCollectionViewCell.swift */ = {isa = PBXFileReference; lastKnownFileType = sourcecode.swift; path = PaymentHeaderMethodCollectionViewCell.swift; sourceTree = "<group>"; };
		8D7FF25A2FF5861100B53B87 /* PaymentMethodCollectionViewController.swift */ = {isa = PBXFileReference; lastKnownFileType = sourcecode.swift; path = PaymentMethodCollectionViewController.swift; sourceTree = "<group>"; };
		8D7FF25C2FF58F9900B53B87 /* MethodCollectionViewCell.swift */ = {isa = PBXFileReference; lastKnownFileType = sourcecode.swift; path = MethodCollectionViewCell.swift; sourceTree = "<group>"; };
		8D8153402FD9FA6C002F8A06 /* HomeClientCollectionViewCell.swift */ = {isa = PBXFileReference; lastKnownFileType = sourcecode.swift; path = HomeClientCollectionViewCell.swift; sourceTree = "<group>"; };
		8D844CC92FDB3BAB007E5B5F /* LawCategoriesCollectionViewCell.swift */ = {isa = PBXFileReference; lastKnownFileType = sourcecode.swift; path = LawCategoriesCollectionViewCell.swift; sourceTree = "<group>"; };
		8D844CCC2FDB5F2D007E5B5F /* CategoriesModel.swift */ = {isa = PBXFileReference; lastKnownFileType = sourcecode.swift; path = CategoriesModel.swift; sourceTree = "<group>"; };
		8D859F8D2FE588E7004AA443 /* FavoriteTableViewController.swift */ = {isa = PBXFileReference; lastKnownFileType = sourcecode.swift; path = FavoriteTableViewController.swift; sourceTree = "<group>"; };
		8D859F8F2FE5E074004AA443 /* ProfileLawyerCollectionViewController.swift */ = {isa = PBXFileReference; lastKnownFileType = sourcecode.swift; path = ProfileLawyerCollectionViewController.swift; sourceTree = "<group>"; };
		8D859F912FE5E1BF004AA443 /* ProfileLawyersCollectionViewCell.swift */ = {isa = PBXFileReference; lastKnownFileType = sourcecode.swift; path = ProfileLawyersCollectionViewCell.swift; sourceTree = "<group>"; };
		8D887EBA2FE2ED3600C7E40D /* LawyersFilter.swift */ = {isa = PBXFileReference; lastKnownFileType = sourcecode.swift; path = LawyersFilter.swift; sourceTree = "<group>"; };
		8D8D3E502FEDDDF60021BFE0 /* HoursCollectionViewCell.swift */ = {isa = PBXFileReference; lastKnownFileType = sourcecode.swift; path = HoursCollectionViewCell.swift; sourceTree = "<group>"; };
		8D94643B2FF6BF6100284A20 /* PaymentButtonsCollectionViewCell.swift */ = {isa = PBXFileReference; lastKnownFileType = sourcecode.swift; path = PaymentButtonsCollectionViewCell.swift; sourceTree = "<group>"; };
		8D94643D2FF6F34000284A20 /* CardDetailsCollectionViewController.swift */ = {isa = PBXFileReference; lastKnownFileType = sourcecode.swift; path = CardDetailsCollectionViewController.swift; sourceTree = "<group>"; };
		8D94643F2FF6F3E600284A20 /* SuccessPaymentAppointmentCollectionViewController.swift */ = {isa = PBXFileReference; lastKnownFileType = sourcecode.swift; path = SuccessPaymentAppointmentCollectionViewController.swift; sourceTree = "<group>"; };
		8D9651002FF41AB500EB9D09 /* PaymentSummaryCollectionViewCell.swift */ = {isa = PBXFileReference; lastKnownFileType = sourcecode.swift; path = PaymentSummaryCollectionViewCell.swift; sourceTree = "<group>"; };
		8D9B8809300147F800F496CF /* LoginCollectionViewController.swift */ = {isa = PBXFileReference; lastKnownFileType = sourcecode.swift; path = LoginCollectionViewController.swift; sourceTree = "<group>"; };
		8D9B880B3001492900F496CF /* LoginCollectionViewCell.swift */ = {isa = PBXFileReference; lastKnownFileType = sourcecode.swift; path = LoginCollectionViewCell.swift; sourceTree = "<group>"; };
		8D9C4E902FE4A8B0008F4C3D /* LegalisAppUITests.xctest */ = {isa = PBXFileReference; explicitFileType = wrapper.cfbundle; includeInIndex = 0; path = LegalisAppUITests.xctest; sourceTree = BUILT_PRODUCTS_DIR; };
		8D9C4E922FE4A8B0008F4C3D /* LegalisAppUITests.swift */ = {isa = PBXFileReference; lastKnownFileType = sourcecode.swift; path = LegalisAppUITests.swift; sourceTree = "<group>"; };
		8D9C4E942FE4A8B0008F4C3D /* LegalisAppUITestsLaunchTests.swift */ = {isa = PBXFileReference; lastKnownFileType = sourcecode.swift; path = LegalisAppUITestsLaunchTests.swift; sourceTree = "<group>"; };
		8D9C4E9E2FE4AA0B008F4C3D /* LawyersSignUpViewTest.swift */ = {isa = PBXFileReference; lastKnownFileType = sourcecode.swift; path = LawyersSignUpViewTest.swift; sourceTree = "<group>"; };
		8DA2ADF02FE19EAF00F88BC5 /* FilterSectionCollectionViewCell.swift */ = {isa = PBXFileReference; lastKnownFileType = sourcecode.swift; path = FilterSectionCollectionViewCell.swift; sourceTree = "<group>"; };
		8DA2F9EE2FCE2D2500E8E324 /* HomeLawyerViewController.swift */ = {isa = PBXFileReference; lastKnownFileType = sourcecode.swift; path = HomeLawyerViewController.swift; sourceTree = "<group>"; };
		8DA577632FE05D6D000EC1C4 /* LawyersListHeaderCollectionViewCell.swift */ = {isa = PBXFileReference; lastKnownFileType = sourcecode.swift; path = LawyersListHeaderCollectionViewCell.swift; sourceTree = "<group>"; };
		8DA748C62FDDC156002E2096 /* LawyersCategoriesListCollectionViewController.swift */ = {isa = PBXFileReference; lastKnownFileType = sourcecode.swift; path = LawyersCategoriesListCollectionViewController.swift; sourceTree = "<group>"; };
		8DB1591F2FF2BCD100EC6B14 /* PaymentHeaderCollectionViewCell.swift */ = {isa = PBXFileReference; lastKnownFileType = sourcecode.swift; path = PaymentHeaderCollectionViewCell.swift; sourceTree = "<group>"; };
		8DB159212FF2BDA700EC6B14 /* PaymentSummaryCollectionViewController.swift */ = {isa = PBXFileReference; lastKnownFileType = sourcecode.swift; path = PaymentSummaryCollectionViewController.swift; sourceTree = "<group>"; };
		8DB4B3A02FE9C99D00F744CA /* DescriptionCollectionViewCell.swift */ = {isa = PBXFileReference; lastKnownFileType = sourcecode.swift; path = DescriptionCollectionViewCell.swift; sourceTree = "<group>"; };
		8DB4B3A22FE9F25900F744CA /* ProfileDataCollectionViewCell.swift */ = {isa = PBXFileReference; lastKnownFileType = sourcecode.swift; path = ProfileDataCollectionViewCell.swift; sourceTree = "<group>"; };
		8DB5403F2FA56CEE00D8DB72 /* UIView+Layout.swift */ = {isa = PBXFileReference; lastKnownFileType = sourcecode.swift; path = "UIView+Layout.swift"; sourceTree = "<group>"; };
		8DB701412FDB104E0068E552 /* HeaderSecondSectionCollectionViewCell.swift */ = {isa = PBXFileReference; lastKnownFileType = sourcecode.swift; path = HeaderSecondSectionCollectionViewCell.swift; sourceTree = "<group>"; };
		8DC2A2DC2FFEAA34004AC3B1 /* MainCoordinator.swift */ = {isa = PBXFileReference; lastKnownFileType = sourcecode.swift; path = MainCoordinator.swift; sourceTree = "<group>"; };
		8DC2A2DE2FFEE1F6004AC3B1 /* MyAccountLawyerTableViewControllerViewController.swift */ = {isa = PBXFileReference; lastKnownFileType = sourcecode.swift; path = MyAccountLawyerTableViewControllerViewController.swift; sourceTree = "<group>"; };
		8DC2A2E02FFEE4C6004AC3B1 /* MyAccountLawyerTableViewCell.swift */ = {isa = PBXFileReference; lastKnownFileType = sourcecode.swift; path = MyAccountLawyerTableViewCell.swift; sourceTree = "<group>"; };
		8DC8A4C22FD746AA005AD39C /* HTMLText.swift */ = {isa = PBXFileReference; lastKnownFileType = sourcecode.swift; path = HTMLText.swift; sourceTree = "<group>"; };
		8DD5E372300930610093DA03 /* HeaderCollectionViewCell.swift */ = {isa = PBXFileReference; lastKnownFileType = sourcecode.swift; path = HeaderCollectionViewCell.swift; sourceTree = "<group>"; };
		8DE9898B2FE43D39001973E3 /* LawyersListCollectionViewCell.swift */ = {isa = PBXFileReference; lastKnownFileType = sourcecode.swift; path = LawyersListCollectionViewCell.swift; sourceTree = "<group>"; };
		8DE9898E2FE451ED001973E3 /* LawyerCardsModel.swift */ = {isa = PBXFileReference; lastKnownFileType = sourcecode.swift; path = LawyerCardsModel.swift; sourceTree = "<group>"; };
		8DEB0AFD2FD9ADC800873DB2 /* MainTabBarItemNavigationViewController.swift */ = {isa = PBXFileReference; fileEncoding = 4; lastKnownFileType = sourcecode.swift; path = MainTabBarItemNavigationViewController.swift; sourceTree = "<group>"; };
		8DEB0AFF2FD9DBC700873DB2 /* ConversationsTableViewController.swift */ = {isa = PBXFileReference; lastKnownFileType = sourcecode.swift; path = ConversationsTableViewController.swift; sourceTree = "<group>"; };
		8DF0C6FE2FFDBEE200647129 /* Coordinator.swift */ = {isa = PBXFileReference; lastKnownFileType = sourcecode.swift; path = Coordinator.swift; sourceTree = "<group>"; };
/* End PBXFileReference section */

/* Begin PBXFrameworksBuildPhase section */
		8D18D05D2FA28B6E0038AB85 /* Frameworks */ = {
			isa = PBXFrameworksBuildPhase;
			buildActionMask = 2147483647;
			files = (
				8DC8A4C12FD7199F005AD39C /* iOSDropDown in Frameworks */,
				8DC8916B30068CD10005B156 /* MessageKit in Frameworks */,
			);
			runOnlyForDeploymentPostprocessing = 0;
		};
		8D9C4E8D2FE4A8B0008F4C3D /* Frameworks */ = {
			isa = PBXFrameworksBuildPhase;
			buildActionMask = 2147483647;
			files = (
			);
			runOnlyForDeploymentPostprocessing = 0;
		};
/* End PBXFrameworksBuildPhase section */

/* Begin PBXGroup section */
		8D0C89DD2FCF930B00B8C306 /* Clients */ = {
			isa = PBXGroup;
			children = (
				8D0C89DE2FCF933200B8C306 /* ClientsSignUpView.swift */,
			);
			path = Clients;
			sourceTree = "<group>";
		};
		8D18D0572FA28B6E0038AB85 = {
			isa = PBXGroup;
			children = (
				8D18D0622FA28B6E0038AB85 /* LegalisApp */,
				8D9C4E912FE4A8B0008F4C3D /* LegalisAppUITests */,
				8D18D0612FA28B6E0038AB85 /* Products */,
			);
			sourceTree = "<group>";
		};
		8D18D0612FA28B6E0038AB85 /* Products */ = {
			isa = PBXGroup;
			children = (
				8D18D0602FA28B6E0038AB85 /* LegalisApp.app */,
				8D9C4E902FE4A8B0008F4C3D /* LegalisAppUITests.xctest */,
			);
			name = Products;
			sourceTree = "<group>";
		};
		8D18D0622FA28B6E0038AB85 /* LegalisApp */ = {
			isa = PBXGroup;
			children = (
				8DF0C7022FFDC2D800647129 /* Coordinator */,
				8D6062C62FD0D1C900E36252 /* Resources */,
				8D3944452FAF74FA00CED997 /* Utilities */,
				8DB5403D2FA56CB600D8DB72 /* Helpers */,
				8D18D07C2FA28D200038AB85 /* Network */,
				8D18D0792FA28C2B0038AB85 /* Controller */,
				8D18D0782FA28C250038AB85 /* View */,
				8D18D0772FA28C1E0038AB85 /* Model */,
				8D18D0632FA28B6E0038AB85 /* AppDelegate.swift */,
				8D18D0652FA28B6E0038AB85 /* SceneDelegate.swift */,
				8D18D0672FA28B6E0038AB85 /* ViewController.swift */,
				8D18D0692FA28B6E0038AB85 /* Main.storyboard */,
				8D18D06C2FA28B700038AB85 /* Assets.xcassets */,
				8D18D06E2FA28B700038AB85 /* LaunchScreen.storyboard */,
				8D18D0712FA28B700038AB85 /* Info.plist */,
			);
			path = LegalisApp;
			sourceTree = "<group>";
		};
		8D18D0772FA28C1E0038AB85 /* Model */ = {
			isa = PBXGroup;
			children = (
				8DE9898D2FE451CA001973E3 /* LawyersCards */,
				8D844CCB2FDB5F13007E5B5F /* CategoriesModel */,
				8D3944482FAFAF0000CED997 /* RegisterModel */,
			);
			path = Model;
			sourceTree = "<group>";
		};
		8D18D0782FA28C250038AB85 /* View */ = {
			isa = PBXGroup;
			children = (
				8D40DFE52FEF4FEC009373A9 /* ContinueButtonCollectionViewCell.swift */,
				8D3960E92FEC94DB00ECE276 /* CalendarCollectionViewCell.swift */,
				8DE9898B2FE43D39001973E3 /* LawyersListCollectionViewCell.swift */,
				8DA2ADF02FE19EAF00F88BC5 /* FilterSectionCollectionViewCell.swift */,
				8D18D0932FA295DA0038AB85 /* PaymentViewCell */,
				8D18D0912FA292240038AB85 /* NotificationsViewCell */,
				8D18D08F2FA291EC0038AB85 /* LawyersProfileViewCell */,
				8D18D08D2FA290C30038AB85 /* MyAccountViewCell */,
				8D18D08B2FA2908A0038AB85 /* AppointmentViewCell */,
				8D18D0882FA28FF80038AB85 /* ChatsViewCell */,
				8D18D0872FA28FBF0038AB85 /* FavoritesViewCell */,
				8D18D0852FA28F930038AB85 /* LawyersListViewCell */,
				8D18D0832FA28ED10038AB85 /* HomeViewCell */,
				8D18D07F2FA28DB40038AB85 /* LoginView */,
				8D18D07E2FA28DA60038AB85 /* SignUpView */,
				8D18D07B2FA28C700038AB85 /* WelcomeView */,
				8DC2A2E02FFEE4C6004AC3B1 /* MyAccountLawyerTableViewCell.swift */,
			);
			path = View;
			sourceTree = "<group>";
		};
		8D18D0792FA28C2B0038AB85 /* Controller */ = {
			isa = PBXGroup;
			children = (
				8D18D07D2FA28D910038AB85 /* MainTabBarController */,
				8D7497642FB270C6009D6AD7 /* CoreCollectionViewController */,
				8D18D0922FA295CC0038AB85 /* PaymentViewController */,
				8D18D0902FA292170038AB85 /* NotificationsVIewController */,
				8D18D08E2FA291DD0038AB85 /* ProfileLawyersViewController */,
				8D18D08C2FA290B80038AB85 /* MyAccountViewController */,
				8D18D08A2FA290670038AB85 /* AppointmentViewController */,
				8D18D0892FA290000038AB85 /* MessengerViewController */,
				8D18D0862FA28FB60038AB85 /* FavoritesViewController */,
				8D18D0842FA28F7F0038AB85 /* LawyersListViewController */,
				8D18D07A2FA28C630038AB85 /* WelcomeViewController */,
				8D18D0822FA28EB50038AB85 /* HomeViewController */,
				8D18D0802FA28DC50038AB85 /* SingUpViewController */,
				8D18D0812FA28DD10038AB85 /* LoginViewController */,
			);
			path = Controller;
			sourceTree = "<group>";
		};
		8D18D07A2FA28C630038AB85 /* WelcomeViewController */ = {
			isa = PBXGroup;
			children = (
				8D18D0972FA2BBA10038AB85 /* WelcomeViewController.swift */,
			);
			path = WelcomeViewController;
			sourceTree = "<group>";
		};
		8D18D07B2FA28C700038AB85 /* WelcomeView */ = {
			isa = PBXGroup;
			children = (
				8D18D0952FA2A9CE0038AB85 /* WelcomeView.swift */,
			);
			path = WelcomeView;
			sourceTree = "<group>";
		};
		8D18D07C2FA28D200038AB85 /* Network */ = {
			isa = PBXGroup;
			children = (
			);
			path = Network;
			sourceTree = "<group>";
		};
		8D18D07D2FA28D910038AB85 /* MainTabBarController */ = {
			isa = PBXGroup;
			children = (
				8DEB0AFD2FD9ADC800873DB2 /* MainTabBarItemNavigationViewController.swift */,
			);
			path = MainTabBarController;
			sourceTree = "<group>";
		};
		8D18D07E2FA28DA60038AB85 /* SignUpView */ = {
			isa = PBXGroup;
			children = (
				8D0C89DD2FCF930B00B8C306 /* Clients */,
				8D7497672FB27499009D6AD7 /* Layers */,
			);
			path = SignUpView;
			sourceTree = "<group>";
		};
		8D18D07F2FA28DB40038AB85 /* LoginView */ = {
			isa = PBXGroup;
			children = (
				8D9B880B3001492900F496CF /* LoginCollectionViewCell.swift */,
			);
			path = LoginView;
			sourceTree = "<group>";
		};
		8D18D0802FA28DC50038AB85 /* SingUpViewController */ = {
			isa = PBXGroup;
			children = (
				8D44E4622FAAB3F700AC5242 /* LawyersSignUpViewController.swift */,
				8D44E4652FAAB80300AC5242 /* ClientsSignUpViewController.swift */,
			);
			path = SingUpViewController;
			sourceTree = "<group>";
		};
		8D18D0812FA28DD10038AB85 /* LoginViewController */ = {
			isa = PBXGroup;
			children = (
				8D9B8809300147F800F496CF /* LoginCollectionViewController.swift */,
			);
			path = LoginViewController;
			sourceTree = "<group>";
		};
		8D18D0822FA28EB50038AB85 /* HomeViewController */ = {
			isa = PBXGroup;
			children = (
				8DA2F9EE2FCE2D2500E8E324 /* HomeLawyerViewController.swift */,
				8D7A5E7C2FD87BCB00ACD94A /* HomeClientCollectionViewController.swift */,
			);
			path = HomeViewController;
			sourceTree = "<group>";
		};
		8D18D0832FA28ED10038AB85 /* HomeViewCell */ = {
			isa = PBXGroup;
			children = (
				8D8153402FD9FA6C002F8A06 /* HomeClientCollectionViewCell.swift */,
				8DB701412FDB104E0068E552 /* HeaderSecondSectionCollectionViewCell.swift */,
				8D844CC92FDB3BAB007E5B5F /* LawCategoriesCollectionViewCell.swift */,
			);
			path = HomeViewCell;
			sourceTree = "<group>";
		};
		8D18D0842FA28F7F0038AB85 /* LawyersListViewController */ = {
			isa = PBXGroup;
			children = (
				8DA748C62FDDC156002E2096 /* LawyersCategoriesListCollectionViewController.swift */,
			);
			path = LawyersListViewController;
			sourceTree = "<group>";
		};
		8D18D0852FA28F930038AB85 /* LawyersListViewCell */ = {
			isa = PBXGroup;
			children = (
				8DA577632FE05D6D000EC1C4 /* LawyersListHeaderCollectionViewCell.swift */,
			);
			path = LawyersListViewCell;
			sourceTree = "<group>";
		};
		8D18D0862FA28FB60038AB85 /* FavoritesViewController */ = {
			isa = PBXGroup;
			children = (
				8D859F8D2FE588E7004AA443 /* FavoriteTableViewController.swift */,
			);
			path = FavoritesViewController;
			sourceTree = "<group>";
		};
		8D18D0872FA28FBF0038AB85 /* FavoritesViewCell */ = {
			isa = PBXGroup;
			children = (
			);
			path = FavoritesViewCell;
			sourceTree = "<group>";
		};
		8D18D0882FA28FF80038AB85 /* ChatsViewCell */ = {
			isa = PBXGroup;
			children = (
				8D4EA191300592E500AAB230 /* ConversationsTableViewCell.swift */,
			);
			path = ChatsViewCell;
			sourceTree = "<group>";
		};
		8D18D0892FA290000038AB85 /* MessengerViewController */ = {
			isa = PBXGroup;
			children = (
				8DEB0AFF2FD9DBC700873DB2 /* ConversationsTableViewController.swift */,
				8D4EA1893005526200AAB230 /* NewConversationsViewController.swift */,
				8D4EA18B3005533700AAB230 /* PhotosViewerViewController.swift */,
				8D4EA18D3005539E00AAB230 /* AudioViewController.swift */,
				8D4EA18F300554A600AAB230 /* DocumentsViewController.swift */,
				8D4EA193300596F400AAB230 /* ChatViewController.swift */,
			);
			path = MessengerViewController;
			sourceTree = "<group>";
		};
		8D18D08A2FA290670038AB85 /* AppointmentViewController */ = {
			isa = PBXGroup;
			children = (
				8D3960EC2FEC959000ECE276 /* AppointmentScheduleController */,
				8D3960E72FEC6E6F00ECE276 /* AppointmentNavItemCollectionViewController.swift */,
			);
			path = AppointmentViewController;
			sourceTree = "<group>";
		};
		8D18D08B2FA2908A0038AB85 /* AppointmentViewCell */ = {
			isa = PBXGroup;
			children = (
				8D4CA5CE3007DEF300F8D949 /* ListOfAppointments */,
				8D3960E52FEC6E0700ECE276 /* AppointmentCollectionViewCell.swift */,
				8D8D3E502FEDDDF60021BFE0 /* HoursCollectionViewCell.swift */,
				8D40DFE32FEF2D98009373A9 /* ModalityCollectionViewCell.swift */,
			);
			path = AppointmentViewCell;
			sourceTree = "<group>";
		};
		8D18D08C2FA290B80038AB85 /* MyAccountViewController */ = {
			isa = PBXGroup;
			children = (
				8DC2A2DE2FFEE1F6004AC3B1 /* MyAccountLawyerTableViewControllerViewController.swift */,
			);
			path = MyAccountViewController;
			sourceTree = "<group>";
		};
		8D18D08D2FA290C30038AB85 /* MyAccountViewCell */ = {
			isa = PBXGroup;
			children = (
			);
			path = MyAccountViewCell;
			sourceTree = "<group>";
		};
		8D18D08E2FA291DD0038AB85 /* ProfileLawyersViewController */ = {
			isa = PBXGroup;
			children = (
				8D859F8F2FE5E074004AA443 /* ProfileLawyerCollectionViewController.swift */,
			);
			path = ProfileLawyersViewController;
			sourceTree = "<group>";
		};
		8D18D08F2FA291EC0038AB85 /* LawyersProfileViewCell */ = {
			isa = PBXGroup;
			children = (
				8D859F912FE5E1BF004AA443 /* ProfileLawyersCollectionViewCell.swift */,
				8DB4B3A02FE9C99D00F744CA /* DescriptionCollectionViewCell.swift */,
				8DB4B3A22FE9F25900F744CA /* ProfileDataCollectionViewCell.swift */,
				8D419C702FEAE0B900FDCDDB /* RatingCollectionViewCell.swift */,
				8D50D2462FEB4077005040D4 /* AppointmentActionCollectionViewCell.swift */,
				8D3960E32FEC2C0100ECE276 /* HeaderSectionsCollectionViewCell.swift */,
			);
			path = LawyersProfileViewCell;
			sourceTree = "<group>";
		};
		8D18D0902FA292170038AB85 /* NotificationsVIewController */ = {
			isa = PBXGroup;
			children = (
			);
			path = NotificationsVIewController;
			sourceTree = "<group>";
		};
		8D18D0912FA292240038AB85 /* NotificationsViewCell */ = {
			isa = PBXGroup;
			children = (
			);
			path = NotificationsViewCell;
			sourceTree = "<group>";
		};
		8D18D0922FA295CC0038AB85 /* PaymentViewController */ = {
			isa = PBXGroup;
			children = (
				8DB159212FF2BDA700EC6B14 /* PaymentSummaryCollectionViewController.swift */,
				8D7FF25A2FF5861100B53B87 /* PaymentMethodCollectionViewController.swift */,
				8D94643D2FF6F34000284A20 /* CardDetailsCollectionViewController.swift */,
				8D94643F2FF6F3E600284A20 /* SuccessPaymentAppointmentCollectionViewController.swift */,
			);
			path = PaymentViewController;
			sourceTree = "<group>";
		};
		8D18D0932FA295DA0038AB85 /* PaymentViewCell */ = {
			isa = PBXGroup;
			children = (
				8DB1591F2FF2BCD100EC6B14 /* PaymentHeaderCollectionViewCell.swift */,
				8D9651002FF41AB500EB9D09 /* PaymentSummaryCollectionViewCell.swift */,
				8D7FF2582FF585B000B53B87 /* PaymentHeaderMethodCollectionViewCell.swift */,
				8D7FF25C2FF58F9900B53B87 /* MethodCollectionViewCell.swift */,
				8D94643B2FF6BF6100284A20 /* PaymentButtonsCollectionViewCell.swift */,
				8D496CC82FF818AE004AD901 /* CardDetailsCollectionViewCell.swift */,
				8D04F9A02FFBFF550029A37D /* SuccessCheckPointCollectionViewCell.swift */,
				8D04F9A22FFBFFB40029A37D /* AppointmentDetailsCollectionViewCell.swift */,
				8D04F9A42FFC00220029A37D /* AnotherConsultsCollectionViewCell.swift */,
			);
			path = PaymentViewCell;
			sourceTree = "<group>";
		};
		8D3944452FAF74FA00CED997 /* Utilities */ = {
			isa = PBXGroup;
			children = (
				8D3944462FAF752700CED997 /* Utilities.swift */,
			);
			path = Utilities;
			sourceTree = "<group>";
		};
		8D3944482FAFAF0000CED997 /* RegisterModel */ = {
			isa = PBXGroup;
			children = (
				8D3944492FAFAF2B00CED997 /* RegisterModel.swift */,
			);
			path = RegisterModel;
			sourceTree = "<group>";
		};
		8D3960EC2FEC959000ECE276 /* AppointmentScheduleController */ = {
			isa = PBXGroup;
			children = (
				8D3960ED2FEC960300ECE276 /* AppointmentScheduleCollectionViewController.swift */,
			);
			path = AppointmentScheduleController;
			sourceTree = "<group>";
		};
		8D436B852FBE685800429E60 /* NSMutableAttributedString */ = {
			isa = PBXGroup;
			children = (
				8D436B862FBE6A8F00429E60 /* NSMutableAttributedString.swift */,
			);
			path = NSMutableAttributedString;
			sourceTree = "<group>";
		};
		8D44E45D2FAA9D1100AC5242 /* Videos */ = {
			isa = PBXGroup;
			children = (
				8D44E45E2FAA9D2B00AC5242 /* welcomeVideo.mp4 */,
			);
			path = Videos;
			sourceTree = "<group>";
		};
		8D4CA5CE3007DEF300F8D949 /* ListOfAppointments */ = {
			isa = PBXGroup;
			children = (
				8D4CA5CF3007DF5A00F8D949 /* ListOfAppointmentsCollectionViewCell.swift */,
				8DD5E372300930610093DA03 /* HeaderCollectionViewCell.swift */,
			);
			path = ListOfAppointments;
			sourceTree = "<group>";
		};
		8D6062C62FD0D1C900E36252 /* Resources */ = {
			isa = PBXGroup;
			children = (
				8D6062C72FD0D1D600E36252 /* Fonts */,
				8D44E45D2FAA9D1100AC5242 /* Videos */,
			);
			path = Resources;
			sourceTree = "<group>";
		};
		8D6062C72FD0D1D600E36252 /* Fonts */ = {
			isa = PBXGroup;
			children = (
				8D60633E2FD0D48500E36252 /* Inter */,
			);
			path = Fonts;
			sourceTree = "<group>";
		};
		8D60633E2FD0D48500E36252 /* Inter */ = {
			isa = PBXGroup;
			children = (
				8D60633F2FD0D48500E36252 /* Inter-Italic-VariableFont_opsz,wght.ttf */,
				8D6063402FD0D48500E36252 /* static */,
				8D6063772FD0D48500E36252 /* OFL.txt */,
				8D6063782FD0D48500E36252 /* Inter.ttf */,
				8D6063792FD0D48500E36252 /* README.txt */,
			);
			path = Inter;
			sourceTree = "<group>";
		};
		8D6063402FD0D48500E36252 /* static */ = {
			isa = PBXGroup;
			children = (
				8D6063412FD0D48500E36252 /* Inter_28pt-LightItalic.ttf */,
				8D6063422FD0D48500E36252 /* Inter_18pt-ExtraBoldItalic.ttf */,
				8D6063432FD0D48500E36252 /* Inter_24pt-Medium.ttf */,
				8D6063442FD0D48500E36252 /* Inter_28pt-ExtraLightItalic.ttf */,
				8D6063452FD0D48500E36252 /* Inter_28pt-Bold.ttf */,
				8D6063462FD0D48500E36252 /* Inter_28pt-ExtraLight.ttf */,
				8D6063472FD0D48500E36252 /* Inter_28pt-Thin.ttf */,
				8D6063482FD0D48500E36252 /* Inter_28pt-ThinItalic.ttf */,
				8D6063492FD0D48500E36252 /* Inter_24pt-ExtraBold.ttf */,
				8D60634A2FD0D48500E36252 /* Inter_24pt-SemiBold.ttf */,
				8D60634B2FD0D48500E36252 /* Inter_28pt-BoldItalic.ttf */,
				8D60634C2FD0D48500E36252 /* Inter_24pt-Regular.ttf */,
				8D60634D2FD0D48500E36252 /* Inter_28pt-ExtraBoldItalic.ttf */,
				8D60634E2FD0D48500E36252 /* Inter_18pt-LightItalic.ttf */,
				8D60634F2FD0D48500E36252 /* Inter_18pt-ExtraLight.ttf */,
				8D6063502FD0D48500E36252 /* Inter_18pt-ThinItalic.ttf */,
				8D6063512FD0D48500E36252 /* Inter_18pt-ExtraBold.ttf */,
				8D6063522FD0D48500E36252 /* Inter_18pt-BoldItalic.ttf */,
				8D6063532FD0D48500E36252 /* Inter_28pt-Light.ttf */,
				8D6063542FD0D48500E36252 /* Inter_18pt-Thin.ttf */,
				8D6063552FD0D48500E36252 /* Inter_28pt-Medium.ttf */,
				8D6063562FD0D48500E36252 /* Inter_18pt-BlackItalic.ttf */,
				8D6063572FD0D48500E36252 /* Inter_28pt-BlackItalic.ttf */,
				8D6063582FD0D48500E36252 /* Inter_18pt-Bold.ttf */,
				8D6063592FD0D48500E36252 /* Inter_18pt-ExtraLightItalic.ttf */,
				8D60635A2FD0D48500E36252 /* Inter_18pt-Medium.ttf */,
				8D60635B2FD0D48500E36252 /* Inter_24pt-ExtraLightItalic.ttf */,
				8D60635C2FD0D48500E36252 /* Inter_18pt-Black.ttf */,
				8D60635D2FD0D48500E36252 /* Inter_24pt-Light.ttf */,
				8D60635E2FD0D48500E36252 /* Inter_28pt-SemiBoldItalic.ttf */,
				8D60635F2FD0D48500E36252 /* Inter_24pt-ExtraBoldItalic.ttf */,
				8D6063602FD0D48500E36252 /* Inter_24pt-MediumItalic.ttf */,
				8D6063612FD0D48500E36252 /* Inter_28pt-SemiBold.ttf */,
				8D6063622FD0D48500E36252 /* Inter_18pt-MediumItalic.ttf */,
				8D6063632FD0D48500E36252 /* Inter_24pt-BlackItalic.ttf */,
				8D6063642FD0D48500E36252 /* Inter_28pt-Italic.ttf */,
				8D6063652FD0D48500E36252 /* Inter_24pt-Thin.ttf */,
				8D6063662FD0D48500E36252 /* Inter_24pt-SemiBoldItalic.ttf */,
				8D6063672FD0D48500E36252 /* Inter_24pt-Black.ttf */,
				8D6063682FD0D48500E36252 /* Inter_18pt-Light.ttf */,
				8D6063692FD0D48500E36252 /* Inter_28pt-Regular.ttf */,
				8D60636A2FD0D48500E36252 /* Inter_28pt-MediumItalic.ttf */,
				8D60636B2FD0D48500E36252 /* Inter_28pt-ExtraBold.ttf */,
				8D60636C2FD0D48500E36252 /* Inter_24pt-Bold.ttf */,
				8D60636D2FD0D48500E36252 /* Inter_18pt-Italic.ttf */,
				8D60636E2FD0D48500E36252 /* Inter_28pt-Black.ttf */,
				8D60636F2FD0D48500E36252 /* Inter_18pt-SemiBoldItalic.ttf */,
				8D6063702FD0D48500E36252 /* Inter_24pt-BoldItalic.ttf */,
				8D6063712FD0D48500E36252 /* Inter_18pt-SemiBold.ttf */,
				8D6063722FD0D48500E36252 /* Inter_24pt-ThinItalic.ttf */,
				8D6063732FD0D48500E36252 /* Inter_18pt-Regular.ttf */,
				8D6063742FD0D48500E36252 /* Inter_24pt-ExtraLight.ttf */,
				8D6063752FD0D48500E36252 /* Inter_24pt-Italic.ttf */,
				8D6063762FD0D48500E36252 /* Inter_24pt-LightItalic.ttf */,
			);
			path = static;
			sourceTree = "<group>";
		};
		8D7497642FB270C6009D6AD7 /* CoreCollectionViewController */ = {
			isa = PBXGroup;
			children = (
				8D7497652FB2721A009D6AD7 /* CoreCollectionViewController.swift */,
			);
			path = CoreCollectionViewController;
			sourceTree = "<group>";
		};
		8D7497672FB27499009D6AD7 /* Layers */ = {
			isa = PBXGroup;
			children = (
				8D44E4602FAAAEFE00AC5242 /* LawyersSignUpView.swift */,
			);
			path = Layers;
			sourceTree = "<group>";
		};
		8D844CCB2FDB5F13007E5B5F /* CategoriesModel */ = {
			isa = PBXGroup;
			children = (
				8D844CCC2FDB5F2D007E5B5F /* CategoriesModel.swift */,
			);
			path = CategoriesModel;
			sourceTree = "<group>";
		};
		8D9C4E912FE4A8B0008F4C3D /* LegalisAppUITests */ = {
			isa = PBXGroup;
			children = (
				8D9C4E9C2FE4A9D2008F4C3D /* View */,
				8D9C4E9B2FE4A9C1008F4C3D /* Controllers */,
				8D9C4E922FE4A8B0008F4C3D /* LegalisAppUITests.swift */,
				8D9C4E942FE4A8B0008F4C3D /* LegalisAppUITestsLaunchTests.swift */,
			);
			path = LegalisAppUITests;
			sourceTree = "<group>";
		};
		8D9C4E9B2FE4A9C1008F4C3D /* Controllers */ = {
			isa = PBXGroup;
			children = (
			);
			path = Controllers;
			sourceTree = "<group>";
		};
		8D9C4E9C2FE4A9D2008F4C3D /* View */ = {
			isa = PBXGroup;
			children = (
				8D9C4E9D2FE4A9D8008F4C3D /* LawyerSignUpView */,
			);
			path = View;
			sourceTree = "<group>";
		};
		8D9C4E9D2FE4A9D8008F4C3D /* LawyerSignUpView */ = {
			isa = PBXGroup;
			children = (
				8D9C4E9E2FE4AA0B008F4C3D /* LawyersSignUpViewTest.swift */,
			);
			path = LawyerSignUpView;
			sourceTree = "<group>";
		};
		8DB5403D2FA56CB600D8DB72 /* Helpers */ = {
			isa = PBXGroup;
			children = (
				8DC8A4C22FD746AA005AD39C /* HTMLText.swift */,
				8D436B852FBE685800429E60 /* NSMutableAttributedString */,
				8DB5403E2FA56CCD00D8DB72 /* UIView+Layout */,
				8D7A5E7A2FD862E700ACD94A /* RegexParametersValidation.swift */,
				8D887EBA2FE2ED3600C7E40D /* LawyersFilter.swift */,
			);
			path = Helpers;
			sourceTree = "<group>";
		};
		8DB5403E2FA56CCD00D8DB72 /* UIView+Layout */ = {
			isa = PBXGroup;
			children = (
				8DB5403F2FA56CEE00D8DB72 /* UIView+Layout.swift */,
			);
			path = "UIView+Layout";
			sourceTree = "<group>";
		};
		8DE9898D2FE451CA001973E3 /* LawyersCards */ = {
			isa = PBXGroup;
			children = (
				8DE9898E2FE451ED001973E3 /* LawyerCardsModel.swift */,
			);
			path = LawyersCards;
			sourceTree = "<group>";
		};
		8DF0C7022FFDC2D800647129 /* Coordinator */ = {
			isa = PBXGroup;
			children = (
				8DF0C6FE2FFDBEE200647129 /* Coordinator.swift */,
				8DC2A2DC2FFEAA34004AC3B1 /* MainCoordinator.swift */,
			);
			path = Coordinator;
			sourceTree = "<group>";
		};
/* End PBXGroup section */

/* Begin PBXNativeTarget section */
		8D18D05F2FA28B6E0038AB85 /* LegalisApp */ = {
			isa = PBXNativeTarget;
			buildConfigurationList = 8D18D0742FA28B700038AB85 /* Build configuration list for PBXNativeTarget "LegalisApp" */;
			buildPhases = (
				8D18D05C2FA28B6E0038AB85 /* Sources */,
				8D18D05D2FA28B6E0038AB85 /* Frameworks */,
				8D18D05E2FA28B6E0038AB85 /* Resources */,
			);
			buildRules = (
			);
			dependencies = (
			);
			name = LegalisApp;
			packageProductDependencies = (
				8DC8A4C02FD7199F005AD39C /* iOSDropDown */,
				8DC8916A30068CD10005B156 /* MessageKit */,
			);
			productName = LegalisApp;
			productReference = 8D18D0602FA28B6E0038AB85 /* LegalisApp.app */;
			productType = "com.apple.product-type.application";
		};
		8D9C4E8F2FE4A8B0008F4C3D /* LegalisAppUITests */ = {
			isa = PBXNativeTarget;
			buildConfigurationList = 8D9C4E9A2FE4A8B0008F4C3D /* Build configuration list for PBXNativeTarget "LegalisAppUITests" */;
			buildPhases = (
				8D9C4E8C2FE4A8B0008F4C3D /* Sources */,
				8D9C4E8D2FE4A8B0008F4C3D /* Frameworks */,
				8D9C4E8E2FE4A8B0008F4C3D /* Resources */,
			);
			buildRules = (
			);
			dependencies = (
				8D9C4E972FE4A8B0008F4C3D /* PBXTargetDependency */,
			);
			name = LegalisAppUITests;
			productName = LegalisAppUITests;
			productReference = 8D9C4E902FE4A8B0008F4C3D /* LegalisAppUITests.xctest */;
			productType = "com.apple.product-type.bundle.ui-testing";
		};
/* End PBXNativeTarget section */

/* Begin PBXProject section */
		8D18D0582FA28B6E0038AB85 /* Project object */ = {
			isa = PBXProject;
			attributes = {
				BuildIndependentTargetsInParallel = 1;
				LastSwiftUpdateCheck = 1420;
				LastUpgradeCheck = 1420;
				TargetAttributes = {
					8D18D05F2FA28B6E0038AB85 = {
						CreatedOnToolsVersion = 14.2;
					};
					8D9C4E8F2FE4A8B0008F4C3D = {
						CreatedOnToolsVersion = 14.2;
						TestTargetID = 8D18D05F2FA28B6E0038AB85;
					};
				};
			};
			buildConfigurationList = 8D18D05B2FA28B6E0038AB85 /* Build configuration list for PBXProject "LegalisApp" */;
			compatibilityVersion = "Xcode 14.0";
			developmentRegion = en;
			hasScannedForEncodings = 0;
			knownRegions = (
				en,
				Base,
			);
			mainGroup = 8D18D0572FA28B6E0038AB85;
			packageReferences = (
				8DC8A4BF2FD7199F005AD39C /* XCRemoteSwiftPackageReference "iOSDropDown" */,
				8DC8916930068CD10005B156 /* XCRemoteSwiftPackageReference "MessageKit" */,
			);
			productRefGroup = 8D18D0612FA28B6E0038AB85 /* Products */;
			projectDirPath = "";
			projectRoot = "";
			targets = (
				8D18D05F2FA28B6E0038AB85 /* LegalisApp */,
				8D9C4E8F2FE4A8B0008F4C3D /* LegalisAppUITests */,
			);
		};
/* End PBXProject section */

/* Begin PBXResourcesBuildPhase section */
		8D18D05E2FA28B6E0038AB85 /* Resources */ = {
			isa = PBXResourcesBuildPhase;
			buildActionMask = 2147483647;
			files = (
				8D6063AC2FD0D48600E36252 /* Inter_24pt-ThinItalic.ttf in Resources */,
				8D6063972FD0D48600E36252 /* Inter_24pt-Light.ttf in Resources */,
				8D60638F2FD0D48600E36252 /* Inter_28pt-Medium.ttf in Resources */,
				8D18D0702FA28B700038AB85 /* LaunchScreen.storyboard in Resources */,
				8D6063962FD0D48600E36252 /* Inter_18pt-Black.ttf in Resources */,
				8D6063942FD0D48600E36252 /* Inter_18pt-Medium.ttf in Resources */,
				8D6063A42FD0D48600E36252 /* Inter_28pt-MediumItalic.ttf in Resources */,
				8D6063902FD0D48600E36252 /* Inter_18pt-BlackItalic.ttf in Resources */,
				8D6063882FD0D48600E36252 /* Inter_18pt-LightItalic.ttf in Resources */,
				8D6063952FD0D48600E36252 /* Inter_24pt-ExtraLightItalic.ttf in Resources */,
				8D6063A82FD0D48600E36252 /* Inter_28pt-Black.ttf in Resources */,
				8D6063A02FD0D48600E36252 /* Inter_24pt-SemiBoldItalic.ttf in Resources */,
				8D6063832FD0D48600E36252 /* Inter_24pt-ExtraBold.ttf in Resources */,
				8D60639D2FD0D48600E36252 /* Inter_24pt-BlackItalic.ttf in Resources */,
				8D6063A92FD0D48600E36252 /* Inter_18pt-SemiBoldItalic.ttf in Resources */,
				8D6063862FD0D48600E36252 /* Inter_24pt-Regular.ttf in Resources */,
				8D6063B22FD0D48600E36252 /* Inter.ttf in Resources */,
				8D60638D2FD0D48600E36252 /* Inter_28pt-Light.ttf in Resources */,
				8D6063A72FD0D48600E36252 /* Inter_18pt-Italic.ttf in Resources */,
				8D18D06D2FA28B700038AB85 /* Assets.xcassets in Resources */,
				8D6063B32FD0D48600E36252 /* README.txt in Resources */,
				8D6063812FD0D48600E36252 /* Inter_28pt-Thin.ttf in Resources */,
				8D60639E2FD0D48600E36252 /* Inter_28pt-Italic.ttf in Resources */,
				8D6063A32FD0D48600E36252 /* Inter_28pt-Regular.ttf in Resources */,
				8D6063842FD0D48600E36252 /* Inter_24pt-SemiBold.ttf in Resources */,
				8D60638A2FD0D48600E36252 /* Inter_18pt-ThinItalic.ttf in Resources */,
				8D6063AB2FD0D48600E36252 /* Inter_18pt-SemiBold.ttf in Resources */,
				8D60637D2FD0D48600E36252 /* Inter_24pt-Medium.ttf in Resources */,
				8D6063A52FD0D48600E36252 /* Inter_28pt-ExtraBold.ttf in Resources */,
				8D60639F2FD0D48600E36252 /* Inter_24pt-Thin.ttf in Resources */,
				8D60637C2FD0D48600E36252 /* Inter_18pt-ExtraBoldItalic.ttf in Resources */,
				8D6063822FD0D48600E36252 /* Inter_28pt-ThinItalic.ttf in Resources */,
				8D6063B12FD0D48600E36252 /* OFL.txt in Resources */,
				8D60638C2FD0D48600E36252 /* Inter_18pt-BoldItalic.ttf in Resources */,
				8D60639A2FD0D48600E36252 /* Inter_24pt-MediumItalic.ttf in Resources */,
				8D60638E2FD0D48600E36252 /* Inter_18pt-Thin.ttf in Resources */,
				8D6063AF2FD0D48600E36252 /* Inter_24pt-Italic.ttf in Resources */,
				8D6063A12FD0D48600E36252 /* Inter_24pt-Black.ttf in Resources */,
				8D6063852FD0D48600E36252 /* Inter_28pt-BoldItalic.ttf in Resources */,
				8D60639B2FD0D48600E36252 /* Inter_28pt-SemiBold.ttf in Resources */,
				8D60637A2FD0D48600E36252 /* Inter-Italic-VariableFont_opsz,wght.ttf in Resources */,
				8D6063892FD0D48600E36252 /* Inter_18pt-ExtraLight.ttf in Resources */,
				8D6063872FD0D48600E36252 /* Inter_28pt-ExtraBoldItalic.ttf in Resources */,
				8D6063802FD0D48600E36252 /* Inter_28pt-ExtraLight.ttf in Resources */,
				8D6063992FD0D48600E36252 /* Inter_24pt-ExtraBoldItalic.ttf in Resources */,
				8D6063922FD0D48600E36252 /* Inter_18pt-Bold.ttf in Resources */,
				8D44E45F2FAA9D2B00AC5242 /* welcomeVideo.mp4 in Resources */,
				8D60637F2FD0D48600E36252 /* Inter_28pt-Bold.ttf in Resources */,
				8D6063A22FD0D48600E36252 /* Inter_18pt-Light.ttf in Resources */,
				8D6063932FD0D48600E36252 /* Inter_18pt-ExtraLightItalic.ttf in Resources */,
				8D60637B2FD0D48600E36252 /* Inter_28pt-LightItalic.ttf in Resources */,
				8D6063AD2FD0D48600E36252 /* Inter_18pt-Regular.ttf in Resources */,
				8D18D06B2FA28B6E0038AB85 /* Main.storyboard in Resources */,
				8D6063912FD0D48600E36252 /* Inter_28pt-BlackItalic.ttf in Resources */,
				8D6063AE2FD0D48600E36252 /* Inter_24pt-ExtraLight.ttf in Resources */,
				8D6063AA2FD0D48600E36252 /* Inter_24pt-BoldItalic.ttf in Resources */,
				8D6063982FD0D48600E36252 /* Inter_28pt-SemiBoldItalic.ttf in Resources */,
				8D60638B2FD0D48600E36252 /* Inter_18pt-ExtraBold.ttf in Resources */,
				8D6063A62FD0D48600E36252 /* Inter_24pt-Bold.ttf in Resources */,
				8D60639C2FD0D48600E36252 /* Inter_18pt-MediumItalic.ttf in Resources */,
				8D60637E2FD0D48600E36252 /* Inter_28pt-ExtraLightItalic.ttf in Resources */,
				8D6063B02FD0D48600E36252 /* Inter_24pt-LightItalic.ttf in Resources */,
			);
			runOnlyForDeploymentPostprocessing = 0;
		};
		8D9C4E8E2FE4A8B0008F4C3D /* Resources */ = {
			isa = PBXResourcesBuildPhase;
			buildActionMask = 2147483647;
			files = (
			);
			runOnlyForDeploymentPostprocessing = 0;
		};
/* End PBXResourcesBuildPhase section */

/* Begin PBXSourcesBuildPhase section */
		8D18D05C2FA28B6E0038AB85 /* Sources */ = {
			isa = PBXSourcesBuildPhase;
			buildActionMask = 2147483647;
			files = (
				8D44E4632FAAB3F700AC5242 /* LawyersSignUpViewController.swift in Sources */,
				8D859F8E2FE588E7004AA443 /* FavoriteTableViewController.swift in Sources */,
				8DE9898F2FE451ED001973E3 /* LawyerCardsModel.swift in Sources */,
				8D436B872FBE6A9000429E60 /* NSMutableAttributedString.swift in Sources */,
				8DA2ADF12FE19EAF00F88BC5 /* FilterSectionCollectionViewCell.swift in Sources */,
				8D419C712FEAE0B900FDCDDB /* RatingCollectionViewCell.swift in Sources */,
				8D3960E82FEC6E6F00ECE276 /* AppointmentNavItemCollectionViewController.swift in Sources */,
				8D3960EA2FEC94DB00ECE276 /* CalendarCollectionViewCell.swift in Sources */,
				8DB4B3A12FE9C99D00F744CA /* DescriptionCollectionViewCell.swift in Sources */,
				8D40DFE62FEF4FEC009373A9 /* ContinueButtonCollectionViewCell.swift in Sources */,
				8D04F9A32FFBFFB40029A37D /* AppointmentDetailsCollectionViewCell.swift in Sources */,
				8D04F9A52FFC00220029A37D /* AnotherConsultsCollectionViewCell.swift in Sources */,
				8DEB0AFE2FD9ADC800873DB2 /* MainTabBarItemNavigationViewController.swift in Sources */,
				8DC2A2DD2FFEAA34004AC3B1 /* MainCoordinator.swift in Sources */,
				8DB701422FDB104E0068E552 /* HeaderSecondSectionCollectionViewCell.swift in Sources */,
				8D50D2472FEB4077005040D4 /* AppointmentActionCollectionViewCell.swift in Sources */,
				8DB159202FF2BCD100EC6B14 /* PaymentHeaderCollectionViewCell.swift in Sources */,
				8D9B880A300147F800F496CF /* LoginCollectionViewController.swift in Sources */,
				8DA577642FE05D6D000EC1C4 /* LawyersListHeaderCollectionViewCell.swift in Sources */,
				8D44E4662FAAB80300AC5242 /* ClientsSignUpViewController.swift in Sources */,
				8D18D0682FA28B6E0038AB85 /* ViewController.swift in Sources */,
				8D4EA190300554A600AAB230 /* DocumentsViewController.swift in Sources */,
				8D496CC92FF818AE004AD901 /* CardDetailsCollectionViewCell.swift in Sources */,
				8D8D3E512FEDDDF60021BFE0 /* HoursCollectionViewCell.swift in Sources */,
				8D18D0982FA2BBA10038AB85 /* WelcomeViewController.swift in Sources */,
				8D9B880C3001492900F496CF /* LoginCollectionViewCell.swift in Sources */,
				8D04F9A12FFBFF550029A37D /* SuccessCheckPointCollectionViewCell.swift in Sources */,
				8DF0C6FF2FFDBEE200647129 /* Coordinator.swift in Sources */,
				8D0C89DF2FCF933200B8C306 /* ClientsSignUpView.swift in Sources */,
				8D9651012FF41AB500EB9D09 /* PaymentSummaryCollectionViewCell.swift in Sources */,
				8D40DFE42FEF2D98009373A9 /* ModalityCollectionViewCell.swift in Sources */,
				8DA2F9EF2FCE2D2500E8E324 /* HomeLawyerViewController.swift in Sources */,
				8DEB0B002FD9DBC700873DB2 /* ConversationsTableViewController.swift in Sources */,
				8DC2A2DF2FFEE1F6004AC3B1 /* MyAccountLawyerTableViewControllerViewController.swift in Sources */,
				8D4EA18E3005539E00AAB230 /* AudioViewController.swift in Sources */,
				8D7FF25D2FF58F9900B53B87 /* MethodCollectionViewCell.swift in Sources */,
				8D7A5E7B2FD862E700ACD94A /* RegexParametersValidation.swift in Sources */,
				8D7FF2592FF585B000B53B87 /* PaymentHeaderMethodCollectionViewCell.swift in Sources */,
				8D4EA194300596F400AAB230 /* ChatViewController.swift in Sources */,
				8D4EA18A3005526200AAB230 /* NewConversationsViewController.swift in Sources */,
				8DB540402FA56CEE00D8DB72 /* UIView+Layout.swift in Sources */,
				8DC2A2E12FFEE4C6004AC3B1 /* MyAccountLawyerTableViewCell.swift in Sources */,
				8D3960E62FEC6E0700ECE276 /* AppointmentCollectionViewCell.swift in Sources */,
				8DB159222FF2BDA700EC6B14 /* PaymentSummaryCollectionViewController.swift in Sources */,
				8D44E4612FAAAEFE00AC5242 /* LawyersSignUpView.swift in Sources */,
				8D39444A2FAFAF2B00CED997 /* RegisterModel.swift in Sources */,
				8D7A5E7D2FD87BCB00ACD94A /* HomeClientCollectionViewController.swift in Sources */,
				8DA748C72FDDC156002E2096 /* LawyersCategoriesListCollectionViewController.swift in Sources */,
				8D844CCD2FDB5F2D007E5B5F /* CategoriesModel.swift in Sources */,
				8D18D0642FA28B6E0038AB85 /* AppDelegate.swift in Sources */,
				8DB4B3A32FE9F25900F744CA /* ProfileDataCollectionViewCell.swift in Sources */,
				8D7FF25B2FF5861100B53B87 /* PaymentMethodCollectionViewController.swift in Sources */,
				8D859F902FE5E074004AA443 /* ProfileLawyerCollectionViewController.swift in Sources */,
				8D3960E42FEC2C0100ECE276 /* HeaderSectionsCollectionViewCell.swift in Sources */,
				8D3960EE2FEC960300ECE276 /* AppointmentScheduleCollectionViewController.swift in Sources */,
				8D18D0662FA28B6E0038AB85 /* SceneDelegate.swift in Sources */,
				8D4EA18C3005533700AAB230 /* PhotosViewerViewController.swift in Sources */,
				8DC8A4C32FD746AA005AD39C /* HTMLText.swift in Sources */,
				8D8153412FD9FA6C002F8A06 /* HomeClientCollectionViewCell.swift in Sources */,
				8D887EBB2FE2ED3600C7E40D /* LawyersFilter.swift in Sources */,
				8D94643C2FF6BF6100284A20 /* PaymentButtonsCollectionViewCell.swift in Sources */,
				8DE9898C2FE43D39001973E3 /* LawyersListCollectionViewCell.swift in Sources */,
				8D7497662FB2721A009D6AD7 /* CoreCollectionViewController.swift in Sources */,
				8D94643E2FF6F34000284A20 /* CardDetailsCollectionViewController.swift in Sources */,
				8DD5E373300930610093DA03 /* HeaderCollectionViewCell.swift in Sources */,
				8D4CA5D03007DF5A00F8D949 /* ListOfAppointmentsCollectionViewCell.swift in Sources */,
				8D4EA192300592E500AAB230 /* ConversationsTableViewCell.swift in Sources */,
				8D859F922FE5E1BF004AA443 /* ProfileLawyersCollectionViewCell.swift in Sources */,
				8D3944472FAF752700CED997 /* Utilities.swift in Sources */,
				8D844CCA2FDB3BAB007E5B5F /* LawCategoriesCollectionViewCell.swift in Sources */,
				8D9464402FF6F3E600284A20 /* SuccessPaymentAppointmentCollectionViewController.swift in Sources */,
				8D18D0962FA2A9CE0038AB85 /* WelcomeView.swift in Sources */,
			);
			runOnlyForDeploymentPostprocessing = 0;
		};
		8D9C4E8C2FE4A8B0008F4C3D /* Sources */ = {
			isa = PBXSourcesBuildPhase;
			buildActionMask = 2147483647;
			files = (
				8D9C4E9F2FE4AA0B008F4C3D /* LawyersSignUpViewTest.swift in Sources */,
				8D9C4E952FE4A8B0008F4C3D /* LegalisAppUITestsLaunchTests.swift in Sources */,
				8D9C4E932FE4A8B0008F4C3D /* LegalisAppUITests.swift in Sources */,
			);
			runOnlyForDeploymentPostprocessing = 0;
		};
/* End PBXSourcesBuildPhase section */

/* Begin PBXTargetDependency section */
		8D9C4E972FE4A8B0008F4C3D /* PBXTargetDependency */ = {
			isa = PBXTargetDependency;
			target = 8D18D05F2FA28B6E0038AB85 /* LegalisApp */;
			targetProxy = 8D9C4E962FE4A8B0008F4C3D /* PBXContainerItemProxy */;
		};
/* End PBXTargetDependency section */

/* Begin PBXVariantGroup section */
		8D18D0692FA28B6E0038AB85 /* Main.storyboard */ = {
			isa = PBXVariantGroup;
			children = (
				8D18D06A2FA28B6E0038AB85 /* Base */,
			);
			name = Main.storyboard;
			sourceTree = "<group>";
		};
		8D18D06E2FA28B700038AB85 /* LaunchScreen.storyboard */ = {
			isa = PBXVariantGroup;
			children = (
				8D18D06F2FA28B700038AB85 /* Base */,
			);
			name = LaunchScreen.storyboard;
			sourceTree = "<group>";
		};
/* End PBXVariantGroup section */

/* Begin XCBuildConfiguration section */
		8D18D0722FA28B700038AB85 /* Debug */ = {
			isa = XCBuildConfiguration;
			buildSettings = {
				ALWAYS_SEARCH_USER_PATHS = NO;
				CLANG_ANALYZER_NONNULL = YES;
				CLANG_ANALYZER_NUMBER_OBJECT_CONVERSION = YES_AGGRESSIVE;
				CLANG_CXX_LANGUAGE_STANDARD = "gnu++20";
				CLANG_ENABLE_MODULES = YES;
				CLANG_ENABLE_OBJC_ARC = YES;
				CLANG_ENABLE_OBJC_WEAK = YES;
				CLANG_WARN_BLOCK_CAPTURE_AUTORELEASING = YES;
				CLANG_WARN_BOOL_CONVERSION = YES;
				CLANG_WARN_COMMA = YES;
				CLANG_WARN_CONSTANT_CONVERSION = YES;
				CLANG_WARN_DEPRECATED_OBJC_IMPLEMENTATIONS = YES;
				CLANG_WARN_DIRECT_OBJC_ISA_USAGE = YES_ERROR;
				CLANG_WARN_DOCUMENTATION_COMMENTS = YES;
				CLANG_WARN_EMPTY_BODY = YES;
				CLANG_WARN_ENUM_CONVERSION = YES;
				CLANG_WARN_INFINITE_RECURSION = YES;
				CLANG_WARN_INT_CONVERSION = YES;
				CLANG_WARN_NON_LITERAL_NULL_CONVERSION = YES;
				CLANG_WARN_OBJC_IMPLICIT_RETAIN_SELF = YES;
				CLANG_WARN_OBJC_LITERAL_CONVERSION = YES;
				CLANG_WARN_OBJC_ROOT_CLASS = YES_ERROR;
				CLANG_WARN_QUOTED_INCLUDE_IN_FRAMEWORK_HEADER = YES;
				CLANG_WARN_RANGE_LOOP_ANALYSIS = YES;
				CLANG_WARN_STRICT_PROTOTYPES = YES;
				CLANG_WARN_SUSPICIOUS_MOVE = YES;
				CLANG_WARN_UNGUARDED_AVAILABILITY = YES_AGGRESSIVE;
				CLANG_WARN_UNREACHABLE_CODE = YES;
				CLANG_WARN__DUPLICATE_METHOD_MATCH = YES;
				COPY_PHASE_STRIP = NO;
				DEBUG_INFORMATION_FORMAT = dwarf;
				ENABLE_STRICT_OBJC_MSGSEND = YES;
				ENABLE_TESTABILITY = YES;
				GCC_C_LANGUAGE_STANDARD = gnu11;
				GCC_DYNAMIC_NO_PIC = NO;
				GCC_NO_COMMON_BLOCKS = YES;
				GCC_OPTIMIZATION_LEVEL = 0;
				GCC_PREPROCESSOR_DEFINITIONS = (
					"DEBUG=1",
					"$(inherited)",
				);
				GCC_WARN_64_TO_32_BIT_CONVERSION = YES;
				GCC_WARN_ABOUT_RETURN_TYPE = YES_ERROR;
				GCC_WARN_UNDECLARED_SELECTOR = YES;
				GCC_WARN_UNINITIALIZED_AUTOS = YES_AGGRESSIVE;
				GCC_WARN_UNUSED_FUNCTION = YES;
				GCC_WARN_UNUSED_VARIABLE = YES;
				IPHONEOS_DEPLOYMENT_TARGET = 16.2;
				MTL_ENABLE_DEBUG_INFO = INCLUDE_SOURCE;
				MTL_FAST_MATH = YES;
				ONLY_ACTIVE_ARCH = YES;
				SDKROOT = iphoneos;
				SWIFT_ACTIVE_COMPILATION_CONDITIONS = DEBUG;
				SWIFT_OPTIMIZATION_LEVEL = "-Onone";
			};
			name = Debug;
		};
		8D18D0732FA28B700038AB85 /* Release */ = {
			isa = XCBuildConfiguration;
			buildSettings = {
				ALWAYS_SEARCH_USER_PATHS = NO;
				CLANG_ANALYZER_NONNULL = YES;
				CLANG_ANALYZER_NUMBER_OBJECT_CONVERSION = YES_AGGRESSIVE;
				CLANG_CXX_LANGUAGE_STANDARD = "gnu++20";
				CLANG_ENABLE_MODULES = YES;
				CLANG_ENABLE_OBJC_ARC = YES;
				CLANG_ENABLE_OBJC_WEAK = YES;
				CLANG_WARN_BLOCK_CAPTURE_AUTORELEASING = YES;
				CLANG_WARN_BOOL_CONVERSION = YES;
				CLANG_WARN_COMMA = YES;
				CLANG_WARN_CONSTANT_CONVERSION = YES;
				CLANG_WARN_DEPRECATED_OBJC_IMPLEMENTATIONS = YES;
				CLANG_WARN_DIRECT_OBJC_ISA_USAGE = YES_ERROR;
				CLANG_WARN_DOCUMENTATION_COMMENTS = YES;
				CLANG_WARN_EMPTY_BODY = YES;
				CLANG_WARN_ENUM_CONVERSION = YES;
				CLANG_WARN_INFINITE_RECURSION = YES;
				CLANG_WARN_INT_CONVERSION = YES;
				CLANG_WARN_NON_LITERAL_NULL_CONVERSION = YES;
				CLANG_WARN_OBJC_IMPLICIT_RETAIN_SELF = YES;
				CLANG_WARN_OBJC_LITERAL_CONVERSION = YES;
				CLANG_WARN_OBJC_ROOT_CLASS = YES_ERROR;
				CLANG_WARN_QUOTED_INCLUDE_IN_FRAMEWORK_HEADER = YES;
				CLANG_WARN_RANGE_LOOP_ANALYSIS = YES;
				CLANG_WARN_STRICT_PROTOTYPES = YES;
				CLANG_WARN_SUSPICIOUS_MOVE = YES;
				CLANG_WARN_UNGUARDED_AVAILABILITY = YES_AGGRESSIVE;
				CLANG_WARN_UNREACHABLE_CODE = YES;
				CLANG_WARN__DUPLICATE_METHOD_MATCH = YES;
				COPY_PHASE_STRIP = NO;
				DEBUG_INFORMATION_FORMAT = "dwarf-with-dsym";
				ENABLE_NS_ASSERTIONS = NO;
				ENABLE_STRICT_OBJC_MSGSEND = YES;
				GCC_C_LANGUAGE_STANDARD = gnu11;
				GCC_NO_COMMON_BLOCKS = YES;
				GCC_WARN_64_TO_32_BIT_CONVERSION = YES;
				GCC_WARN_ABOUT_RETURN_TYPE = YES_ERROR;
				GCC_WARN_UNDECLARED_SELECTOR = YES;
				GCC_WARN_UNINITIALIZED_AUTOS = YES_AGGRESSIVE;
				GCC_WARN_UNUSED_FUNCTION = YES;
				GCC_WARN_UNUSED_VARIABLE = YES;
				IPHONEOS_DEPLOYMENT_TARGET = 16.2;
				MTL_ENABLE_DEBUG_INFO = NO;
				MTL_FAST_MATH = YES;
				SDKROOT = iphoneos;
				SWIFT_COMPILATION_MODE = wholemodule;
				SWIFT_OPTIMIZATION_LEVEL = "-O";
				VALIDATE_PRODUCT = YES;
			};
			name = Release;
		};
		8D18D0752FA28B700038AB85 /* Debug */ = {
			isa = XCBuildConfiguration;
			buildSettings = {
				ASSETCATALOG_COMPILER_APPICON_NAME = AppIcon;
				ASSETCATALOG_COMPILER_GLOBAL_ACCENT_COLOR_NAME = AccentColor;
				CODE_SIGN_STYLE = Automatic;
				CURRENT_PROJECT_VERSION = 1;
				DEVELOPMENT_TEAM = S52ZRS44GD;
				GENERATE_INFOPLIST_FILE = YES;
				INFOPLIST_FILE = LegalisApp/Info.plist;
				INFOPLIST_KEY_UIApplicationSupportsIndirectInputEvents = YES;
				INFOPLIST_KEY_UILaunchStoryboardName = LaunchScreen;
				INFOPLIST_KEY_UIMainStoryboardFile = Main;
				INFOPLIST_KEY_UISupportedInterfaceOrientations_iPad = "UIInterfaceOrientationPortrait UIInterfaceOrientationPortraitUpsideDown UIInterfaceOrientationLandscapeLeft UIInterfaceOrientationLandscapeRight";
				INFOPLIST_KEY_UISupportedInterfaceOrientations_iPhone = "UIInterfaceOrientationPortrait UIInterfaceOrientationLandscapeLeft UIInterfaceOrientationLandscapeRight";
				LD_RUNPATH_SEARCH_PATHS = (
					"$(inherited)",
					"@executable_path/Frameworks",
				);
				MARKETING_VERSION = 1.0;
				PRODUCT_BUNDLE_IDENTIFIER = com.daniel.LegalisApp;
				PRODUCT_NAME = "$(TARGET_NAME)";
				SWIFT_EMIT_LOC_STRINGS = YES;
				SWIFT_VERSION = 5.0;
				TARGETED_DEVICE_FAMILY = "1,2";
			};
			name = Debug;
		};
		8D18D0762FA28B700038AB85 /* Release */ = {
			isa = XCBuildConfiguration;
			buildSettings = {
				ASSETCATALOG_COMPILER_APPICON_NAME = AppIcon;
				ASSETCATALOG_COMPILER_GLOBAL_ACCENT_COLOR_NAME = AccentColor;
				CODE_SIGN_STYLE = Automatic;
				CURRENT_PROJECT_VERSION = 1;
				DEVELOPMENT_TEAM = S52ZRS44GD;
				GENERATE_INFOPLIST_FILE = YES;
				INFOPLIST_FILE = LegalisApp/Info.plist;
				INFOPLIST_KEY_UIApplicationSupportsIndirectInputEvents = YES;
				INFOPLIST_KEY_UILaunchStoryboardName = LaunchScreen;
				INFOPLIST_KEY_UIMainStoryboardFile = Main;
				INFOPLIST_KEY_UISupportedInterfaceOrientations_iPad = "UIInterfaceOrientationPortrait UIInterfaceOrientationPortraitUpsideDown UIInterfaceOrientationLandscapeLeft UIInterfaceOrientationLandscapeRight";
				INFOPLIST_KEY_UISupportedInterfaceOrientations_iPhone = "UIInterfaceOrientationPortrait UIInterfaceOrientationLandscapeLeft UIInterfaceOrientationLandscapeRight";
				LD_RUNPATH_SEARCH_PATHS = (
					"$(inherited)",
					"@executable_path/Frameworks",
				);
				MARKETING_VERSION = 1.0;
				PRODUCT_BUNDLE_IDENTIFIER = com.daniel.LegalisApp;
				PRODUCT_NAME = "$(TARGET_NAME)";
				SWIFT_EMIT_LOC_STRINGS = YES;
				SWIFT_VERSION = 5.0;
				TARGETED_DEVICE_FAMILY = "1,2";
			};
			name = Release;
		};
		8D9C4E982FE4A8B0008F4C3D /* Debug */ = {
			isa = XCBuildConfiguration;
			buildSettings = {
				CODE_SIGN_STYLE = Automatic;
				CURRENT_PROJECT_VERSION = 1;
				DEVELOPMENT_TEAM = S52ZRS44GD;
				GENERATE_INFOPLIST_FILE = YES;
				MARKETING_VERSION = 1.0;
				PRODUCT_BUNDLE_IDENTIFIER = com.daniel.LegalisAppUITests;
				PRODUCT_NAME = "$(TARGET_NAME)";
				SWIFT_EMIT_LOC_STRINGS = NO;
				SWIFT_VERSION = 5.0;
				TARGETED_DEVICE_FAMILY = "1,2";
				TEST_TARGET_NAME = LegalisApp;
			};
			name = Debug;
		};
		8D9C4E992FE4A8B0008F4C3D /* Release */ = {
			isa = XCBuildConfiguration;
			buildSettings = {
				CODE_SIGN_STYLE = Automatic;
				CURRENT_PROJECT_VERSION = 1;
				DEVELOPMENT_TEAM = S52ZRS44GD;
				GENERATE_INFOPLIST_FILE = YES;
				MARKETING_VERSION = 1.0;
				PRODUCT_BUNDLE_IDENTIFIER = com.daniel.LegalisAppUITests;
				PRODUCT_NAME = "$(TARGET_NAME)";
				SWIFT_EMIT_LOC_STRINGS = NO;
				SWIFT_VERSION = 5.0;
				TARGETED_DEVICE_FAMILY = "1,2";
				TEST_TARGET_NAME = LegalisApp;
			};
			name = Release;
		};
/* End XCBuildConfiguration section */

/* Begin XCConfigurationList section */
		8D18D05B2FA28B6E0038AB85 /* Build configuration list for PBXProject "LegalisApp" */ = {
			isa = XCConfigurationList;
			buildConfigurations = (
				8D18D0722FA28B700038AB85 /* Debug */,
				8D18D0732FA28B700038AB85 /* Release */,
			);
			defaultConfigurationIsVisible = 0;
			defaultConfigurationName = Release;
		};
		8D18D0742FA28B700038AB85 /* Build configuration list for PBXNativeTarget "LegalisApp" */ = {
			isa = XCConfigurationList;
			buildConfigurations = (
				8D18D0752FA28B700038AB85 /* Debug */,
				8D18D0762FA28B700038AB85 /* Release */,
			);
			defaultConfigurationIsVisible = 0;
			defaultConfigurationName = Release;
		};
		8D9C4E9A2FE4A8B0008F4C3D /* Build configuration list for PBXNativeTarget "LegalisAppUITests" */ = {
			isa = XCConfigurationList;
			buildConfigurations = (
				8D9C4E982FE4A8B0008F4C3D /* Debug */,
				8D9C4E992FE4A8B0008F4C3D /* Release */,
			);
			defaultConfigurationIsVisible = 0;
			defaultConfigurationName = Release;
		};
/* End XCConfigurationList section */

/* Begin XCRemoteSwiftPackageReference section */
		8DC8916930068CD10005B156 /* XCRemoteSwiftPackageReference "MessageKit" */ = {
			isa = XCRemoteSwiftPackageReference;
			repositoryURL = "https://github.com/MessageKit/MessageKit.git";
			requirement = {
				kind = exactVersion;
				version = 4.2.0;
			};
		};
		8DC8A4BF2FD7199F005AD39C /* XCRemoteSwiftPackageReference "iOSDropDown" */ = {
			isa = XCRemoteSwiftPackageReference;
			repositoryURL = "https://github.com/jriosdev/iOSDropDown";
			requirement = {
				kind = exactVersion;
				version = 0.4.0;
			};
		};
/* End XCRemoteSwiftPackageReference section */

/* Begin XCSwiftPackageProductDependency section */
		8DC8916A30068CD10005B156 /* MessageKit */ = {
			isa = XCSwiftPackageProductDependency;
			package = 8DC8916930068CD10005B156 /* XCRemoteSwiftPackageReference "MessageKit" */;
			productName = MessageKit;
		};
		8DC8A4C02FD7199F005AD39C /* iOSDropDown */ = {
			isa = XCSwiftPackageProductDependency;
			package = 8DC8A4BF2FD7199F005AD39C /* XCRemoteSwiftPackageReference "iOSDropDown" */;
			productName = iOSDropDown;
		};
/* End XCSwiftPackageProductDependency section */
	};
	rootObject = 8D18D0582FA28B6E0038AB85 /* Project object */;
}
